PODS:
  - libextobjc/EXTScope (0.4.1):
    - libextobjc/RuntimeExtensions
  - libextobjc/RuntimeExtensions (0.4.1)
  - MTBlockAlertView (0.1.1)
  - QuickBlox (2.0.12)

DEPENDENCIES:
  - libextobjc/EXTScope (~> 0.4)
  - MTBlockAlertView (~> 0.1.1)
  - QuickBlox

SPEC CHECKSUMS:
  libextobjc: a650fc1bf489a3d3a9bc2e621efa3e1006fc5471
  MTBlockAlertView: 6a37bcf0fc677da69e0c3457be41bb1eb2415484
  QuickBlox: 14d87c290587ebcde637a4fb68fbbf699b3bc0f3

COCOAPODS: 0.36.0
