<?xml version="1.0" encoding="UTF-8"?>
<!DOCTYPE plist PUBLIC "-//Apple//DTD PLIST 1.0//EN" "http://www.apple.com/DTDs/PropertyList-1.0.dtd">
<plist version="1.0">
<dict>
	<key>archiveVersion</key>
	<string>1</string>
	<key>classes</key>
	<dict/>
	<key>objectVersion</key>
	<string>46</string>
	<key>objects</key>
	<dict>
		<key>1299D4EB1DC1CC26B537E061</key>
		<dict>
			<key>includeInIndex</key>
			<string>1</string>
			<key>isa</key>
			<string>PBXFileReference</string>
			<key>lastKnownFileType</key>
			<string>text.xcconfig</string>
			<key>name</key>
			<string>Pods.qa.xcconfig</string>
			<key>path</key>
			<string>Pods/Target Support Files/Pods/Pods.qa.xcconfig</string>
			<key>sourceTree</key>
			<string>&lt;group&gt;</string>
		</dict>
		<key>1402B6981B14BF350069E3A4</key>
		<dict>
			<key>fileEncoding</key>
			<string>4</string>
			<key>isa</key>
			<string>PBXFileReference</string>
			<key>lastKnownFileType</key>
			<string>sourcecode.c.h</string>
			<key>path</key>
			<string>UserTableViewCell.h</string>
			<key>sourceTree</key>
			<string>&lt;group&gt;</string>
		</dict>
		<key>1402B6991B14BF350069E3A4</key>
		<dict>
			<key>fileEncoding</key>
			<string>4</string>
			<key>isa</key>
			<string>PBXFileReference</string>
			<key>lastKnownFileType</key>
			<string>sourcecode.c.objc</string>
			<key>path</key>
			<string>UserTableViewCell.m</string>
			<key>sourceTree</key>
			<string>&lt;group&gt;</string>
		</dict>
		<key>1402B69A1B14BF350069E3A4</key>
		<dict>
			<key>fileRef</key>
			<string>1402B6991B14BF350069E3A4</string>
			<key>isa</key>
			<string>PBXBuildFile</string>
		</dict>
		<key>1402B69B1B14BFBA0069E3A4</key>
		<dict>
			<key>fileEncoding</key>
			<string>4</string>
			<key>isa</key>
			<string>PBXFileReference</string>
			<key>lastKnownFileType</key>
			<string>sourcecode.c.h</string>
			<key>path</key>
			<string>CornerView.h</string>
			<key>sourceTree</key>
			<string>&lt;group&gt;</string>
		</dict>
		<key>1402B69C1B14BFBA0069E3A4</key>
		<dict>
			<key>fileEncoding</key>
			<string>4</string>
			<key>isa</key>
			<string>PBXFileReference</string>
			<key>lastKnownFileType</key>
			<string>sourcecode.c.objc</string>
			<key>path</key>
			<string>CornerView.m</string>
			<key>sourceTree</key>
			<string>&lt;group&gt;</string>
		</dict>
		<key>1402B69D1B14BFBA0069E3A4</key>
		<dict>
			<key>fileRef</key>
			<string>1402B69C1B14BFBA0069E3A4</string>
			<key>isa</key>
			<string>PBXBuildFile</string>
		</dict>
		<key>1402B6A61B14C7340069E3A4</key>
		<dict>
			<key>fileEncoding</key>
			<string>4</string>
			<key>isa</key>
			<string>PBXFileReference</string>
			<key>lastKnownFileType</key>
			<string>sourcecode.c.h</string>
			<key>path</key>
			<string>LoginTableViewController.h</string>
			<key>sourceTree</key>
			<string>&lt;group&gt;</string>
		</dict>
		<key>1402B6A71B14C7340069E3A4</key>
		<dict>
			<key>fileEncoding</key>
			<string>4</string>
			<key>isa</key>
			<string>PBXFileReference</string>
			<key>lastKnownFileType</key>
			<string>sourcecode.c.objc</string>
			<key>path</key>
			<string>LoginTableViewController.m</string>
			<key>sourceTree</key>
			<string>&lt;group&gt;</string>
		</dict>
		<key>1402B6A81B14C7340069E3A4</key>
		<dict>
			<key>fileRef</key>
			<string>1402B6A71B14C7340069E3A4</string>
			<key>isa</key>
			<string>PBXBuildFile</string>
		</dict>
		<key>143181731B18714B001A933D</key>
		<dict>
			<key>isa</key>
			<string>PBXFileReference</string>
			<key>lastKnownFileType</key>
			<string>sourcecode.c.h</string>
			<key>path</key>
			<string>Constants.h</string>
			<key>sourceTree</key>
			<string>&lt;group&gt;</string>
		</dict>
		<key>143181771B1882EC001A933D</key>
		<dict>
			<key>fileEncoding</key>
			<string>4</string>
			<key>isa</key>
			<string>PBXFileReference</string>
			<key>lastKnownFileType</key>
			<string>sourcecode.c.h</string>
			<key>path</key>
			<string>NewDialogTableViewController.h</string>
			<key>sourceTree</key>
			<string>&lt;group&gt;</string>
		</dict>
		<key>143181781B1882EC001A933D</key>
		<dict>
			<key>fileEncoding</key>
			<string>4</string>
			<key>isa</key>
			<string>PBXFileReference</string>
			<key>lastKnownFileType</key>
			<string>sourcecode.c.objc</string>
			<key>path</key>
			<string>NewDialogTableViewController.m</string>
			<key>sourceTree</key>
			<string>&lt;group&gt;</string>
		</dict>
		<key>143181791B1882EC001A933D</key>
		<dict>
			<key>fileRef</key>
			<string>143181781B1882EC001A933D</string>
			<key>isa</key>
			<string>PBXBuildFile</string>
		</dict>
		<key>1480E08D1B25DB6600DD6B7C</key>
		<dict>
			<key>fileEncoding</key>
			<string>4</string>
			<key>isa</key>
			<string>PBXFileReference</string>
			<key>lastKnownFileType</key>
			<string>sourcecode.c.h</string>
			<key>path</key>
			<string>DialogTableViewCell.h</string>
			<key>sourceTree</key>
			<string>&lt;group&gt;</string>
		</dict>
		<key>1480E08E1B25DB6600DD6B7C</key>
		<dict>
			<key>fileEncoding</key>
			<string>4</string>
			<key>isa</key>
			<string>PBXFileReference</string>
			<key>lastKnownFileType</key>
			<string>sourcecode.c.objc</string>
			<key>path</key>
			<string>DialogTableViewCell.m</string>
			<key>sourceTree</key>
			<string>&lt;group&gt;</string>
		</dict>
		<key>1480E08F1B25DB6600DD6B7C</key>
		<dict>
			<key>fileRef</key>
			<string>1480E08E1B25DB6600DD6B7C</string>
			<key>isa</key>
			<string>PBXBuildFile</string>
		</dict>
		<key>1485D5FB1B25E60A00D26B2A</key>
		<dict>
			<key>fileEncoding</key>
			<string>4</string>
			<key>isa</key>
			<string>PBXFileReference</string>
			<key>lastKnownFileType</key>
			<string>sourcecode.c.h</string>
			<key>path</key>
			<string>EditDialogTableViewController.h</string>
			<key>sourceTree</key>
			<string>&lt;group&gt;</string>
		</dict>
		<key>1485D5FC1B25E60A00D26B2A</key>
		<dict>
			<key>fileEncoding</key>
			<string>4</string>
			<key>isa</key>
			<string>PBXFileReference</string>
			<key>lastKnownFileType</key>
			<string>sourcecode.c.objc</string>
			<key>path</key>
			<string>EditDialogTableViewController.m</string>
			<key>sourceTree</key>
			<string>&lt;group&gt;</string>
		</dict>
		<key>1485D5FD1B25E60A00D26B2A</key>
		<dict>
			<key>fileRef</key>
			<string>1485D5FC1B25E60A00D26B2A</string>
			<key>isa</key>
			<string>PBXBuildFile</string>
		</dict>
		<key>14B088D61CA2D9590035E29D</key>
		<dict>
			<key>children</key>
			<array>
				<string>14B088D71CA2D9700035E29D</string>
				<string>14B088D81CA2D9700035E29D</string>
			</array>
			<key>isa</key>
			<string>PBXGroup</string>
			<key>name</key>
			<string>ReplaceSegue</string>
			<key>sourceTree</key>
			<string>&lt;group&gt;</string>
		</dict>
		<key>14B088D71CA2D9700035E29D</key>
		<dict>
			<key>fileEncoding</key>
			<string>4</string>
			<key>isa</key>
			<string>PBXFileReference</string>
			<key>lastKnownFileType</key>
			<string>sourcecode.c.h</string>
			<key>name</key>
			<string>ReplaceSegue.h</string>
			<key>path</key>
			<string>ReplaceSegue/ReplaceSegue.h</string>
			<key>sourceTree</key>
			<string>&lt;group&gt;</string>
		</dict>
		<key>14B088D81CA2D9700035E29D</key>
		<dict>
			<key>fileEncoding</key>
			<string>4</string>
			<key>isa</key>
			<string>PBXFileReference</string>
			<key>lastKnownFileType</key>
			<string>sourcecode.c.objc</string>
			<key>name</key>
			<string>ReplaceSegue.m</string>
			<key>path</key>
			<string>ReplaceSegue/ReplaceSegue.m</string>
			<key>sourceTree</key>
			<string>&lt;group&gt;</string>
		</dict>
		<key>14B088D91CA2D9700035E29D</key>
		<dict>
			<key>fileRef</key>
			<string>14B088D81CA2D9700035E29D</string>
			<key>isa</key>
			<string>PBXBuildFile</string>
		</dict>
		<key>170466EC150332B4E55E94F6</key>
		<dict>
			<key>buildActionMask</key>
			<string>2147483647</string>
			<key>files</key>
			<array/>
			<key>inputPaths</key>
			<array/>
			<key>isa</key>
			<string>PBXShellScriptBuildPhase</string>
			<key>name</key>
			<string>Embed Pods Frameworks</string>
			<key>outputPaths</key>
			<array/>
			<key>runOnlyForDeploymentPostprocessing</key>
			<string>0</string>
			<key>shellPath</key>
			<string>/bin/sh</string>
			<key>shellScript</key>
			<string>"${SRCROOT}/Pods/Target Support Files/Pods/Pods-frameworks.sh"
</string>
			<key>showEnvVarsInLog</key>
			<string>0</string>
		</dict>
		<key>1C300553BEFAEB30F2850033</key>
		<dict>
			<key>includeInIndex</key>
			<string>1</string>
			<key>isa</key>
			<string>PBXFileReference</string>
			<key>lastKnownFileType</key>
			<string>text.xcconfig</string>
			<key>name</key>
			<string>Pods.release.xcconfig</string>
			<key>path</key>
			<string>Pods/Target Support Files/Pods/Pods.release.xcconfig</string>
			<key>sourceTree</key>
			<string>&lt;group&gt;</string>
		</dict>
		<key>2CC758A51B0F0EB300999187</key>
		<dict>
			<key>isa</key>
			<string>PBXBuildFile</string>
		</dict>
		<key>584B33AE1C2AF4490041B431</key>
		<dict>
			<key>fileEncoding</key>
			<string>4</string>
			<key>isa</key>
			<string>PBXFileReference</string>
			<key>lastKnownFileType</key>
			<string>text.plist.strings</string>
			<key>name</key>
			<string>Localizable.strings</string>
			<key>path</key>
			<string>../Localizable.strings</string>
			<key>sourceTree</key>
			<string>&lt;group&gt;</string>
		</dict>
		<key>584B33AF1C2AF4490041B431</key>
		<dict>
			<key>fileRef</key>
			<string>584B33AE1C2AF4490041B431</string>
			<key>isa</key>
			<string>PBXBuildFile</string>
		</dict>
		<key>5857DCD01BD91F3700AB2D53</key>
		<dict>
			<key>isa</key>
			<string>PBXFileReference</string>
			<key>lastKnownFileType</key>
			<string>wrapper.framework</string>
			<key>name</key>
			<string>Quickblox.framework</string>
			<key>path</key>
			<string>../Framework/Quickblox.framework</string>
			<key>sourceTree</key>
			<string>&lt;group&gt;</string>
		</dict>
		<key>5857DCD11BD91F3700AB2D53</key>
		<dict>
			<key>fileRef</key>
			<string>5857DCD01BD91F3700AB2D53</string>
			<key>isa</key>
			<string>PBXBuildFile</string>
		</dict>
		<key>5948AA2C6DD54920BE8F0F50</key>
		<dict>
			<key>buildActionMask</key>
			<string>2147483647</string>
			<key>files</key>
			<array/>
			<key>inputPaths</key>
			<array/>
			<key>isa</key>
			<string>PBXShellScriptBuildPhase</string>
			<key>name</key>
			<string>Check Pods Manifest.lock</string>
			<key>outputPaths</key>
			<array/>
			<key>runOnlyForDeploymentPostprocessing</key>
			<string>0</string>
			<key>shellPath</key>
			<string>/bin/sh</string>
			<key>shellScript</key>
			<string>diff "${PODS_ROOT}/../Podfile.lock" "${PODS_ROOT}/Manifest.lock" &gt; /dev/null
if [[ $? != 0 ]] ; then
    cat &lt;&lt; EOM
error: The sandbox is not in sync with the Podfile.lock. Run 'pod install' or update your CocoaPods installation.
EOM
    exit 1
fi
</string>
			<key>showEnvVarsInLog</key>
			<string>0</string>
		</dict>
		<key>77574711118E44F680DD7EC4</key>
		<dict>
			<key>fileRef</key>
			<string>EC1956EB9D11485189AD3B71</string>
			<key>isa</key>
			<string>PBXBuildFile</string>
		</dict>
		<key>86104A1C1B0B5E1900464D52</key>
		<dict>
			<key>fileEncoding</key>
			<string>4</string>
			<key>isa</key>
			<string>PBXFileReference</string>
			<key>lastKnownFileType</key>
			<string>sourcecode.c.h</string>
			<key>path</key>
			<string>ServicesManager.h</string>
			<key>sourceTree</key>
			<string>&lt;group&gt;</string>
		</dict>
		<key>86104A1D1B0B5E1900464D52</key>
		<dict>
			<key>fileEncoding</key>
			<string>4</string>
			<key>isa</key>
			<string>PBXFileReference</string>
			<key>lastKnownFileType</key>
			<string>sourcecode.c.objc</string>
			<key>path</key>
			<string>ServicesManager.m</string>
			<key>sourceTree</key>
			<string>&lt;group&gt;</string>
		</dict>
		<key>86104A1E1B0B5E1900464D52</key>
		<dict>
			<key>fileRef</key>
			<string>86104A1D1B0B5E1900464D52</string>
			<key>isa</key>
			<string>PBXBuildFile</string>
		</dict>
		<key>8614B8DA1B8205D400DBB753</key>
		<dict>
			<key>children</key>
			<array>
				<string>8614B8DB1B8205D400DBB753</string>
				<string>8614B8DC1B8205D400DBB753</string>
			</array>
			<key>isa</key>
			<string>PBXGroup</string>
			<key>path</key>
			<string>DataSources</string>
			<key>sourceTree</key>
			<string>&lt;group&gt;</string>
		</dict>
		<key>8614B8DB1B8205D400DBB753</key>
		<dict>
			<key>fileEncoding</key>
			<string>4</string>
			<key>isa</key>
			<string>PBXFileReference</string>
			<key>lastKnownFileType</key>
			<string>sourcecode.c.h</string>
			<key>path</key>
			<string>UsersDataSource.h</string>
			<key>sourceTree</key>
			<string>&lt;group&gt;</string>
		</dict>
		<key>8614B8DC1B8205D400DBB753</key>
		<dict>
			<key>fileEncoding</key>
			<string>4</string>
			<key>isa</key>
			<string>PBXFileReference</string>
			<key>lastKnownFileType</key>
			<string>sourcecode.c.objc</string>
			<key>path</key>
			<string>UsersDataSource.m</string>
			<key>sourceTree</key>
			<string>&lt;group&gt;</string>
		</dict>
		<key>8614B8DD1B8205D400DBB753</key>
		<dict>
			<key>fileRef</key>
			<string>8614B8DC1B8205D400DBB753</string>
			<key>isa</key>
			<string>PBXBuildFile</string>
		</dict>
		<key>8614B8DF1B82060000DBB753</key>
		<dict>
			<key>children</key>
			<array>
				<string>8614B8E01B82060000DBB753</string>
				<string>8614B8E11B82060000DBB753</string>
				<string>8614B8E21B82060000DBB753</string>
				<string>8614B8E31B82060000DBB753</string>
			</array>
			<key>isa</key>
			<string>PBXGroup</string>
			<key>path</key>
			<string>ThirdParty</string>
			<key>sourceTree</key>
			<string>&lt;group&gt;</string>
		</dict>
		<key>8614B8E01B82060000DBB753</key>
		<dict>
			<key>fileEncoding</key>
			<string>4</string>
			<key>isa</key>
			<string>PBXFileReference</string>
			<key>lastKnownFileType</key>
			<string>sourcecode.c.h</string>
			<key>path</key>
			<string>UIAlertDialog.h</string>
			<key>sourceTree</key>
			<string>&lt;group&gt;</string>
		</dict>
		<key>8614B8E11B82060000DBB753</key>
		<dict>
			<key>fileEncoding</key>
			<string>4</string>
			<key>isa</key>
			<string>PBXFileReference</string>
			<key>lastKnownFileType</key>
			<string>sourcecode.c.objc</string>
			<key>path</key>
			<string>UIAlertDialog.m</string>
			<key>sourceTree</key>
			<string>&lt;group&gt;</string>
		</dict>
		<key>8614B8E21B82060000DBB753</key>
		<dict>
			<key>fileEncoding</key>
			<string>4</string>
			<key>isa</key>
			<string>PBXFileReference</string>
			<key>lastKnownFileType</key>
			<string>sourcecode.c.h</string>
			<key>path</key>
			<string>UIImage+fixOrientation.h</string>
			<key>sourceTree</key>
			<string>&lt;group&gt;</string>
		</dict>
		<key>8614B8E31B82060000DBB753</key>
		<dict>
			<key>fileEncoding</key>
			<string>4</string>
			<key>isa</key>
			<string>PBXFileReference</string>
			<key>lastKnownFileType</key>
			<string>sourcecode.c.objc</string>
			<key>path</key>
			<string>UIImage+fixOrientation.m</string>
			<key>sourceTree</key>
			<string>&lt;group&gt;</string>
		</dict>
		<key>8614B8E41B82060000DBB753</key>
		<dict>
			<key>fileRef</key>
			<string>8614B8E11B82060000DBB753</string>
			<key>isa</key>
			<string>PBXBuildFile</string>
		</dict>
		<key>8614B8E51B82060000DBB753</key>
		<dict>
			<key>fileRef</key>
			<string>8614B8E31B82060000DBB753</string>
			<key>isa</key>
			<string>PBXBuildFile</string>
		</dict>
		<key>86401C091B428CAD00D45A05</key>
		<dict>
			<key>children</key>
			<array>
				<string>86401C0B1B428CEA00D45A05</string>
				<string>86401C0C1B428CEA00D45A05</string>
			</array>
			<key>isa</key>
			<string>PBXGroup</string>
			<key>name</key>
			<string>Utils</string>
			<key>sourceTree</key>
			<string>&lt;group&gt;</string>
		</dict>
		<key>86401C0B1B428CEA00D45A05</key>
		<dict>
			<key>fileEncoding</key>
			<string>4</string>
			<key>isa</key>
			<string>PBXFileReference</string>
			<key>lastKnownFileType</key>
			<string>sourcecode.c.h</string>
			<key>name</key>
			<string>MessageStatusStringBuilder.h</string>
			<key>path</key>
			<string>Utils/MessageStatusStringBuilder.h</string>
			<key>sourceTree</key>
			<string>&lt;group&gt;</string>
		</dict>
		<key>86401C0C1B428CEA00D45A05</key>
		<dict>
			<key>fileEncoding</key>
			<string>4</string>
			<key>isa</key>
			<string>PBXFileReference</string>
			<key>lastKnownFileType</key>
			<string>sourcecode.c.objc</string>
			<key>name</key>
			<string>MessageStatusStringBuilder.m</string>
			<key>path</key>
			<string>Utils/MessageStatusStringBuilder.m</string>
			<key>sourceTree</key>
			<string>&lt;group&gt;</string>
		</dict>
		<key>86401C0D1B428CEA00D45A05</key>
		<dict>
			<key>fileRef</key>
			<string>86401C0C1B428CEA00D45A05</string>
			<key>isa</key>
			<string>PBXBuildFile</string>
		</dict>
		<key>86872E811BAF55A300BE9F23</key>
		<dict>
			<key>fileEncoding</key>
			<string>4</string>
			<key>isa</key>
			<string>PBXFileReference</string>
			<key>lastKnownFileType</key>
			<string>sourcecode.c.h</string>
			<key>path</key>
			<string>NotificationService.h</string>
			<key>sourceTree</key>
			<string>&lt;group&gt;</string>
		</dict>
		<key>86872E821BAF55A300BE9F23</key>
		<dict>
			<key>fileEncoding</key>
			<string>4</string>
			<key>isa</key>
			<string>PBXFileReference</string>
			<key>lastKnownFileType</key>
			<string>sourcecode.c.objc</string>
			<key>path</key>
			<string>NotificationService.m</string>
			<key>sourceTree</key>
			<string>&lt;group&gt;</string>
		</dict>
		<key>86872E831BAF55A300BE9F23</key>
		<dict>
			<key>fileRef</key>
			<string>86872E821BAF55A300BE9F23</string>
			<key>isa</key>
			<string>PBXBuildFile</string>
		</dict>
		<key>86A716621B9EF0440019C42A</key>
		<dict>
			<key>children</key>
			<array>
				<string>86A716631B9EF0440019C42A</string>
			</array>
			<key>isa</key>
			<string>PBXVariantGroup</string>
			<key>name</key>
			<string>LaunchScreen.xib</string>
			<key>sourceTree</key>
			<string>&lt;group&gt;</string>
		</dict>
		<key>86A716631B9EF0440019C42A</key>
		<dict>
			<key>isa</key>
			<string>PBXFileReference</string>
			<key>lastKnownFileType</key>
			<string>file.xib</string>
			<key>name</key>
			<string>Base</string>
			<key>path</key>
			<string>Base.lproj/LaunchScreen.xib</string>
			<key>sourceTree</key>
			<string>&lt;group&gt;</string>
		</dict>
		<key>86A716641B9EF0440019C42A</key>
		<dict>
			<key>fileRef</key>
			<string>86A716621B9EF0440019C42A</string>
			<key>isa</key>
			<string>PBXBuildFile</string>
		</dict>
		<key>86A716651B9EF0820019C42A</key>
		<dict>
			<key>children</key>
			<array>
				<string>86A716661B9EF0820019C42A</string>
			</array>
			<key>isa</key>
			<string>PBXVariantGroup</string>
			<key>name</key>
			<string>InfoPlist.strings</string>
			<key>sourceTree</key>
			<string>&lt;group&gt;</string>
		</dict>
		<key>86A716661B9EF0820019C42A</key>
		<dict>
			<key>isa</key>
			<string>PBXFileReference</string>
			<key>lastKnownFileType</key>
			<string>text.plist.strings</string>
			<key>name</key>
			<string>Base</string>
			<key>path</key>
			<string>Base.lproj/InfoPlist.strings</string>
			<key>sourceTree</key>
			<string>&lt;group&gt;</string>
		</dict>
		<key>86A716671B9EF0820019C42A</key>
		<dict>
			<key>fileRef</key>
			<string>86A716651B9EF0820019C42A</string>
			<key>isa</key>
			<string>PBXBuildFile</string>
		</dict>
		<key>86AB9BA91B57F1B2000C830A</key>
		<dict>
			<key>buildSettings</key>
			<dict>
				<key>ALWAYS_SEARCH_USER_PATHS</key>
				<string>NO</string>
				<key>CLANG_CXX_LANGUAGE_STANDARD</key>
				<string>gnu++0x</string>
				<key>CLANG_CXX_LIBRARY</key>
				<string>libc++</string>
				<key>CLANG_ENABLE_MODULES</key>
				<string>YES</string>
				<key>CLANG_ENABLE_OBJC_ARC</key>
				<string>YES</string>
				<key>CLANG_WARN_BOOL_CONVERSION</key>
				<string>YES</string>
				<key>CLANG_WARN_CONSTANT_CONVERSION</key>
				<string>YES</string>
				<key>CLANG_WARN_DIRECT_OBJC_ISA_USAGE</key>
				<string>YES_ERROR</string>
				<key>CLANG_WARN_EMPTY_BODY</key>
				<string>YES</string>
				<key>CLANG_WARN_ENUM_CONVERSION</key>
				<string>YES</string>
				<key>CLANG_WARN_INT_CONVERSION</key>
				<string>YES</string>
				<key>CLANG_WARN_OBJC_ROOT_CLASS</key>
				<string>YES_ERROR</string>
				<key>CLANG_WARN__DUPLICATE_METHOD_MATCH</key>
				<string>YES</string>
				<key>CODE_SIGN_IDENTITY</key>
				<string>iPhone Distribution</string>
				<key>CODE_SIGN_IDENTITY[sdk=iphoneos*]</key>
				<string>iPhone Distribution</string>
				<key>COPY_PHASE_STRIP</key>
				<string>YES</string>
				<key>ENABLE_BITCODE</key>
				<string>NO</string>
				<key>ENABLE_NS_ASSERTIONS</key>
				<string>NO</string>
				<key>GCC_C_LANGUAGE_STANDARD</key>
				<string>gnu99</string>
				<key>GCC_PREPROCESSOR_DEFINITIONS</key>
				<string>QA=1</string>
				<key>GCC_WARN_64_TO_32_BIT_CONVERSION</key>
				<string>YES</string>
				<key>GCC_WARN_ABOUT_RETURN_TYPE</key>
				<string>YES_ERROR</string>
				<key>GCC_WARN_UNDECLARED_SELECTOR</key>
				<string>YES</string>
				<key>GCC_WARN_UNINITIALIZED_AUTOS</key>
				<string>YES</string>
				<key>GCC_WARN_UNUSED_FUNCTION</key>
				<string>YES</string>
				<key>GCC_WARN_UNUSED_VARIABLE</key>
				<string>YES</string>
				<key>IPHONEOS_DEPLOYMENT_TARGET</key>
				<string>7.0</string>
				<key>OTHER_CODE_SIGN_FLAGS</key>
				<string>--deep</string>
				<key>OTHER_LDFLAGS</key>
				<string>$(inherited)</string>
				<key>PROVISIONING_PROFILE</key>
				<string>f9c2a4c6-ab11-404a-9205-2399e793ee22</string>
				<key>SDKROOT</key>
				<string>iphoneos</string>
				<key>VALIDATE_PRODUCT</key>
				<string>YES</string>
			</dict>
			<key>isa</key>
			<string>XCBuildConfiguration</string>
			<key>name</key>
			<string>QA</string>
		</dict>
		<key>86AB9BAA1B57F1B2000C830A</key>
		<dict>
			<key>baseConfigurationReference</key>
			<string>1299D4EB1DC1CC26B537E061</string>
			<key>buildSettings</key>
			<dict>
				<key>ASSETCATALOG_COMPILER_APPICON_NAME</key>
				<string>AppIcon</string>
				<key>ASSETCATALOG_COMPILER_LAUNCHIMAGE_NAME</key>
				<string>LaunchImage</string>
				<key>CODE_SIGN_IDENTITY</key>
				<string>iPhone Distribution: Injoit LTD (8885H5G2YX)</string>
				<key>CODE_SIGN_RESOURCE_RULES_PATH</key>
				<string>$(SDKROOT)/ResourceRules.plist</string>
				<key>FRAMEWORK_SEARCH_PATHS</key>
				<array>
					<string>$(inherited)</string>
					<string>../Framework</string>
				</array>
				<key>GCC_PRECOMPILE_PREFIX_HEADER</key>
				<string>YES</string>
				<key>GCC_PREFIX_HEADER</key>
				<string>sample-chat/sample-chat-Prefix.pch</string>
				<key>HEADER_SEARCH_PATHS</key>
				<array>
					<string>$(inherited)</string>
					<string>$(SRCROOT)/../services/**</string>
				</array>
				<key>INFOPLIST_FILE</key>
				<string>sample-chat/sample-chat-Info.plist</string>
				<key>IPHONEOS_DEPLOYMENT_TARGET</key>
				<string>7.0</string>
				<key>OTHER_CODE_SIGN_FLAGS</key>
				<string>--deep</string>
				<key>OTHER_LDFLAGS</key>
				<string>$(inherited)</string>
				<key>PRODUCT_BUNDLE_IDENTIFIER</key>
				<string>com.quickblox.test-samplechat-objc</string>
				<key>PRODUCT_NAME</key>
				<string>samplechat</string>
				<key>PROVISIONING_PROFILE</key>
				<string>f9c2a4c6-ab11-404a-9205-2399e793ee22</string>
				<key>TARGETED_DEVICE_FAMILY</key>
				<string>1</string>
				<key>WRAPPER_EXTENSION</key>
				<string>app</string>
			</dict>
			<key>isa</key>
			<string>XCBuildConfiguration</string>
			<key>name</key>
			<string>QA</string>
		</dict>
		<key>86EE31B11B26EB6700B8A383</key>
		<dict>
			<key>fileEncoding</key>
			<string>4</string>
			<key>isa</key>
			<string>PBXFileReference</string>
			<key>lastKnownFileType</key>
			<string>sourcecode.c.h</string>
			<key>path</key>
			<string>ChatViewController.h</string>
			<key>sourceTree</key>
			<string>&lt;group&gt;</string>
		</dict>
		<key>86EE31B21B26EB6700B8A383</key>
		<dict>
			<key>fileEncoding</key>
			<string>4</string>
			<key>isa</key>
			<string>PBXFileReference</string>
			<key>lastKnownFileType</key>
			<string>sourcecode.c.objc</string>
			<key>path</key>
			<string>ChatViewController.m</string>
			<key>sourceTree</key>
			<string>&lt;group&gt;</string>
		</dict>
		<key>86EE31B31B26EB6700B8A383</key>
		<dict>
			<key>fileRef</key>
			<string>86EE31B21B26EB6700B8A383</string>
			<key>isa</key>
			<string>PBXBuildFile</string>
		</dict>
		<key>86EE31B51B270B7F00B8A383</key>
		<dict>
			<key>fileEncoding</key>
			<string>4</string>
			<key>isa</key>
			<string>PBXFileReference</string>
			<key>lastKnownFileType</key>
			<string>sourcecode.c.h</string>
			<key>path</key>
			<string>DialogInfoTableViewController.h</string>
			<key>sourceTree</key>
			<string>&lt;group&gt;</string>
		</dict>
		<key>86EE31B61B270B7F00B8A383</key>
		<dict>
			<key>fileEncoding</key>
			<string>4</string>
			<key>isa</key>
			<string>PBXFileReference</string>
			<key>lastKnownFileType</key>
			<string>sourcecode.c.objc</string>
			<key>path</key>
			<string>DialogInfoTableViewController.m</string>
			<key>sourceTree</key>
			<string>&lt;group&gt;</string>
		</dict>
		<key>86EE31B71B270B7F00B8A383</key>
		<dict>
			<key>fileRef</key>
			<string>86EE31B61B270B7F00B8A383</string>
			<key>isa</key>
			<string>PBXBuildFile</string>
		</dict>
		<key>9316A6FD33C239E58054E2CC</key>
		<dict>
			<key>children</key>
			<array>
				<string>B28710F05CC3FC9C8169A7CA</string>
				<string>1C300553BEFAEB30F2850033</string>
				<string>1299D4EB1DC1CC26B537E061</string>
			</array>
			<key>isa</key>
			<string>PBXGroup</string>
			<key>name</key>
			<string>Pods</string>
			<key>sourceTree</key>
			<string>&lt;group&gt;</string>
		</dict>
		<key>B28710F05CC3FC9C8169A7CA</key>
		<dict>
			<key>includeInIndex</key>
			<string>1</string>
			<key>isa</key>
			<string>PBXFileReference</string>
			<key>lastKnownFileType</key>
			<string>text.xcconfig</string>
			<key>name</key>
			<string>Pods.debug.xcconfig</string>
			<key>path</key>
			<string>Pods/Target Support Files/Pods/Pods.debug.xcconfig</string>
			<key>sourceTree</key>
			<string>&lt;group&gt;</string>
		</dict>
		<key>BFBD3C931832CF30009D090B</key>
		<dict>
			<key>isa</key>
			<string>PBXFileReference</string>
			<key>lastKnownFileType</key>
			<string>audio.mp3</string>
			<key>path</key>
			<string>sound.mp3</string>
			<key>sourceTree</key>
			<string>&lt;group&gt;</string>
		</dict>
		<key>BFBD3C941832CF30009D090B</key>
		<dict>
			<key>fileRef</key>
			<string>BFBD3C931832CF30009D090B</string>
			<key>isa</key>
			<string>PBXBuildFile</string>
		</dict>
		<key>BFE6FB69180E8EF100E64AC4</key>
		<dict>
			<key>children</key>
			<array>
				<string>584B33AE1C2AF4490041B431</string>
				<string>BFE6FB7B180E8EF100E64AC4</string>
				<string>BFE6FB74180E8EF100E64AC4</string>
				<string>BFE6FB73180E8EF100E64AC4</string>
				<string>9316A6FD33C239E58054E2CC</string>
			</array>
			<key>isa</key>
			<string>PBXGroup</string>
			<key>sourceTree</key>
			<string>&lt;group&gt;</string>
		</dict>
		<key>BFE6FB6A180E8EF100E64AC4</key>
		<dict>
			<key>attributes</key>
			<dict>
				<key>LastUpgradeCheck</key>
				<string>0720</string>
				<key>ORGANIZATIONNAME</key>
				<string>Quickblox</string>
				<key>TargetAttributes</key>
				<dict>
					<key>BFE6FB71180E8EF100E64AC4</key>
					<dict>
						<key>DevelopmentTeam</key>
						<string>8885H5G2YX</string>
					</dict>
				</dict>
			</dict>
			<key>buildConfigurationList</key>
			<string>BFE6FB6D180E8EF100E64AC4</string>
			<key>compatibilityVersion</key>
			<string>Xcode 3.2</string>
			<key>developmentRegion</key>
			<string>English</string>
			<key>hasScannedForEncodings</key>
			<string>0</string>
			<key>isa</key>
			<string>PBXProject</string>
			<key>knownRegions</key>
			<array>
				<string>Base</string>
				<string>en</string>
			</array>
			<key>mainGroup</key>
			<string>BFE6FB69180E8EF100E64AC4</string>
			<key>productRefGroup</key>
			<string>BFE6FB73180E8EF100E64AC4</string>
			<key>projectDirPath</key>
			<string></string>
			<key>projectReferences</key>
			<array/>
			<key>projectRoot</key>
			<string></string>
			<key>targets</key>
			<array>
				<string>BFE6FB71180E8EF100E64AC4</string>
			</array>
		</dict>
		<key>BFE6FB6D180E8EF100E64AC4</key>
		<dict>
			<key>buildConfigurations</key>
			<array>
				<string>BFE6FBA5180E8EF100E64AC4</string>
				<string>BFE6FBA6180E8EF100E64AC4</string>
				<string>86AB9BA91B57F1B2000C830A</string>
			</array>
			<key>defaultConfigurationIsVisible</key>
			<string>0</string>
			<key>defaultConfigurationName</key>
			<string>Release</string>
			<key>isa</key>
			<string>XCConfigurationList</string>
		</dict>
		<key>BFE6FB6E180E8EF100E64AC4</key>
		<dict>
			<key>buildActionMask</key>
			<string>2147483647</string>
			<key>files</key>
			<array>
				<string>14B088D91CA2D9700035E29D</string>
				<string>1402B69A1B14BF350069E3A4</string>
				<string>BFE6FB86180E8EF100E64AC4</string>
				<string>86EE31B71B270B7F00B8A383</string>
				<string>1480E08F1B25DB6600DD6B7C</string>
				<string>8614B8E41B82060000DBB753</string>
				<string>1402B6A81B14C7340069E3A4</string>
				<string>8614B8E51B82060000DBB753</string>
				<string>86104A1E1B0B5E1900464D52</string>
				<string>86EE31B31B26EB6700B8A383</string>
				<string>BFE6FB82180E8EF100E64AC4</string>
				<string>86872E831BAF55A300BE9F23</string>
				<string>1402B69D1B14BFBA0069E3A4</string>
				<string>8614B8DD1B8205D400DBB753</string>
				<string>BFE6FBCE180EA2F300E64AC4</string>
				<string>143181791B1882EC001A933D</string>
				<string>1485D5FD1B25E60A00D26B2A</string>
				<string>2CC758A51B0F0EB300999187</string>
				<string>86401C0D1B428CEA00D45A05</string>
			</array>
			<key>isa</key>
			<string>PBXSourcesBuildPhase</string>
			<key>runOnlyForDeploymentPostprocessing</key>
			<string>0</string>
		</dict>
		<key>BFE6FB6F180E8EF100E64AC4</key>
		<dict>
			<key>buildActionMask</key>
			<string>2147483647</string>
			<key>files</key>
			<array>
				<string>5857DCD11BD91F3700AB2D53</string>
				<string>BFE6FBC2180E9E9600E64AC4</string>
				<string>BFE6FBC0180E9E9000E64AC4</string>
				<string>BFE6FBBE180E9E8B00E64AC4</string>
				<string>BFE6FBBC180E9E8500E64AC4</string>
				<string>BFE6FBBA180E9E7E00E64AC4</string>
				<string>BFE6FBB8180E9E7800E64AC4</string>
				<string>BFE6FBB6180E9E7400E64AC4</string>
				<string>BFE6FB78180E8EF100E64AC4</string>
				<string>BFE6FBB4180E9E6800E64AC4</string>
				<string>BFE6FBB2180E9E5E00E64AC4</string>
				<string>BFE6FBB0180E9E5300E64AC4</string>
				<string>BFE6FB7A180E8EF100E64AC4</string>
				<string>BFE6FB76180E8EF100E64AC4</string>
				<string>77574711118E44F680DD7EC4</string>
			</array>
			<key>isa</key>
			<string>PBXFrameworksBuildPhase</string>
			<key>runOnlyForDeploymentPostprocessing</key>
			<string>0</string>
		</dict>
		<key>BFE6FB70180E8EF100E64AC4</key>
		<dict>
			<key>buildActionMask</key>
			<string>2147483647</string>
			<key>files</key>
			<array>
				<string>BFBD3C941832CF30009D090B</string>
				<string>584B33AF1C2AF4490041B431</string>
				<string>86A716671B9EF0820019C42A</string>
				<string>BFE6FB91180E8EF100E64AC4</string>
				<string>BFE6FB89180E8EF100E64AC4</string>
				<string>86A716641B9EF0440019C42A</string>
			</array>
			<key>isa</key>
			<string>PBXResourcesBuildPhase</string>
			<key>runOnlyForDeploymentPostprocessing</key>
			<string>0</string>
		</dict>
		<key>BFE6FB71180E8EF100E64AC4</key>
		<dict>
			<key>buildConfigurationList</key>
			<string>BFE6FBA7180E8EF100E64AC4</string>
			<key>buildPhases</key>
			<array>
				<string>5948AA2C6DD54920BE8F0F50</string>
				<string>BFE6FB6E180E8EF100E64AC4</string>
				<string>BFE6FB6F180E8EF100E64AC4</string>
				<string>BFE6FB70180E8EF100E64AC4</string>
				<string>EA0FB2DEF001482B9E0AC531</string>
				<string>170466EC150332B4E55E94F6</string>
			</array>
			<key>buildRules</key>
			<array/>
			<key>dependencies</key>
			<array/>
			<key>isa</key>
			<string>PBXNativeTarget</string>
			<key>name</key>
			<string>samplechat</string>
			<key>productName</key>
			<string>sample-chat</string>
			<key>productReference</key>
			<string>BFE6FB72180E8EF100E64AC4</string>
			<key>productType</key>
			<string>com.apple.product-type.application</string>
		</dict>
		<key>BFE6FB72180E8EF100E64AC4</key>
		<dict>
			<key>explicitFileType</key>
			<string>wrapper.application</string>
			<key>includeInIndex</key>
			<string>0</string>
			<key>isa</key>
			<string>PBXFileReference</string>
			<key>path</key>
			<string>samplechat.app</string>
			<key>sourceTree</key>
			<string>BUILT_PRODUCTS_DIR</string>
		</dict>
		<key>BFE6FB73180E8EF100E64AC4</key>
		<dict>
			<key>children</key>
			<array>
				<string>BFE6FB72180E8EF100E64AC4</string>
			</array>
			<key>isa</key>
			<string>PBXGroup</string>
			<key>name</key>
			<string>Products</string>
			<key>sourceTree</key>
			<string>&lt;group&gt;</string>
		</dict>
		<key>BFE6FB74180E8EF100E64AC4</key>
		<dict>
			<key>children</key>
			<array>
				<string>5857DCD01BD91F3700AB2D53</string>
				<string>BFE6FBC1180E9E9600E64AC4</string>
				<string>BFE6FBBF180E9E9000E64AC4</string>
				<string>BFE6FBBD180E9E8A00E64AC4</string>
				<string>BFE6FBBB180E9E8500E64AC4</string>
				<string>BFE6FBB9180E9E7E00E64AC4</string>
				<string>BFE6FBB7180E9E7800E64AC4</string>
				<string>BFE6FBB5180E9E7400E64AC4</string>
				<string>BFE6FBB3180E9E6800E64AC4</string>
				<string>BFE6FBB1180E9E5E00E64AC4</string>
				<string>BFE6FBAF180E9E5300E64AC4</string>
				<string>BFE6FB75180E8EF100E64AC4</string>
				<string>BFE6FB77180E8EF100E64AC4</string>
				<string>BFE6FB79180E8EF100E64AC4</string>
				<string>BFE6FB97180E8EF100E64AC4</string>
				<string>EC1956EB9D11485189AD3B71</string>
			</array>
			<key>isa</key>
			<string>PBXGroup</string>
			<key>name</key>
			<string>Frameworks</string>
			<key>sourceTree</key>
			<string>&lt;group&gt;</string>
		</dict>
		<key>BFE6FB75180E8EF100E64AC4</key>
		<dict>
			<key>isa</key>
			<string>PBXFileReference</string>
			<key>lastKnownFileType</key>
			<string>wrapper.framework</string>
			<key>name</key>
			<string>Foundation.framework</string>
			<key>path</key>
			<string>System/Library/Frameworks/Foundation.framework</string>
			<key>sourceTree</key>
			<string>SDKROOT</string>
		</dict>
		<key>BFE6FB76180E8EF100E64AC4</key>
		<dict>
			<key>fileRef</key>
			<string>BFE6FB75180E8EF100E64AC4</string>
			<key>isa</key>
			<string>PBXBuildFile</string>
		</dict>
		<key>BFE6FB77180E8EF100E64AC4</key>
		<dict>
			<key>isa</key>
			<string>PBXFileReference</string>
			<key>lastKnownFileType</key>
			<string>wrapper.framework</string>
			<key>name</key>
			<string>CoreGraphics.framework</string>
			<key>path</key>
			<string>System/Library/Frameworks/CoreGraphics.framework</string>
			<key>sourceTree</key>
			<string>SDKROOT</string>
		</dict>
		<key>BFE6FB78180E8EF100E64AC4</key>
		<dict>
			<key>fileRef</key>
			<string>BFE6FB77180E8EF100E64AC4</string>
			<key>isa</key>
			<string>PBXBuildFile</string>
		</dict>
		<key>BFE6FB79180E8EF100E64AC4</key>
		<dict>
			<key>isa</key>
			<string>PBXFileReference</string>
			<key>lastKnownFileType</key>
			<string>wrapper.framework</string>
			<key>name</key>
			<string>UIKit.framework</string>
			<key>path</key>
			<string>System/Library/Frameworks/UIKit.framework</string>
			<key>sourceTree</key>
			<string>SDKROOT</string>
		</dict>
		<key>BFE6FB7A180E8EF100E64AC4</key>
		<dict>
			<key>fileRef</key>
			<string>BFE6FB79180E8EF100E64AC4</string>
			<key>isa</key>
			<string>PBXBuildFile</string>
		</dict>
		<key>BFE6FB7B180E8EF100E64AC4</key>
		<dict>
			<key>children</key>
			<array>
				<string>14B088D61CA2D9590035E29D</string>
				<string>8614B8DF1B82060000DBB753</string>
				<string>8614B8DA1B8205D400DBB753</string>
				<string>BFE6FB84180E8EF100E64AC4</string>
				<string>BFE6FB85180E8EF100E64AC4</string>
				<string>BFE6FBC9180EA2F300E64AC4</string>
				<string>BFE6FBF21812E0D300E64AC4</string>
				<string>86401C091B428CAD00D45A05</string>
				<string>BFE6FBE2180F293C00E64AC4</string>
				<string>BFE6FB87180E8EF100E64AC4</string>
				<string>BFE6FB90180E8EF100E64AC4</string>
				<string>86A716621B9EF0440019C42A</string>
				<string>BFBD3C931832CF30009D090B</string>
				<string>BFE6FB7C180E8EF100E64AC4</string>
			</array>
			<key>isa</key>
			<string>PBXGroup</string>
			<key>path</key>
			<string>sample-chat</string>
			<key>sourceTree</key>
			<string>&lt;group&gt;</string>
		</dict>
		<key>BFE6FB7C180E8EF100E64AC4</key>
		<dict>
			<key>children</key>
			<array>
				<string>BFE6FB7D180E8EF100E64AC4</string>
				<string>86A716651B9EF0820019C42A</string>
				<string>BFE6FB81180E8EF100E64AC4</string>
				<string>BFE6FB83180E8EF100E64AC4</string>
			</array>
			<key>isa</key>
			<string>PBXGroup</string>
			<key>name</key>
			<string>Supporting Files</string>
			<key>sourceTree</key>
			<string>&lt;group&gt;</string>
		</dict>
		<key>BFE6FB7D180E8EF100E64AC4</key>
		<dict>
			<key>isa</key>
			<string>PBXFileReference</string>
			<key>lastKnownFileType</key>
			<string>text.plist.xml</string>
			<key>path</key>
			<string>sample-chat-Info.plist</string>
			<key>sourceTree</key>
			<string>&lt;group&gt;</string>
		</dict>
		<key>BFE6FB81180E8EF100E64AC4</key>
		<dict>
			<key>isa</key>
			<string>PBXFileReference</string>
			<key>lastKnownFileType</key>
			<string>sourcecode.c.objc</string>
			<key>path</key>
			<string>main.m</string>
			<key>sourceTree</key>
			<string>&lt;group&gt;</string>
		</dict>
		<key>BFE6FB82180E8EF100E64AC4</key>
		<dict>
			<key>fileRef</key>
			<string>BFE6FB81180E8EF100E64AC4</string>
			<key>isa</key>
			<string>PBXBuildFile</string>
		</dict>
		<key>BFE6FB83180E8EF100E64AC4</key>
		<dict>
			<key>isa</key>
			<string>PBXFileReference</string>
			<key>lastKnownFileType</key>
			<string>sourcecode.c.h</string>
			<key>path</key>
			<string>sample-chat-Prefix.pch</string>
			<key>sourceTree</key>
			<string>&lt;group&gt;</string>
		</dict>
		<key>BFE6FB84180E8EF100E64AC4</key>
		<dict>
			<key>isa</key>
			<string>PBXFileReference</string>
			<key>lastKnownFileType</key>
			<string>sourcecode.c.h</string>
			<key>path</key>
			<string>AppDelegate.h</string>
			<key>sourceTree</key>
			<string>&lt;group&gt;</string>
		</dict>
		<key>BFE6FB85180E8EF100E64AC4</key>
		<dict>
			<key>isa</key>
			<string>PBXFileReference</string>
			<key>lastKnownFileType</key>
			<string>sourcecode.c.objc</string>
			<key>path</key>
			<string>AppDelegate.m</string>
			<key>sourceTree</key>
			<string>&lt;group&gt;</string>
		</dict>
		<key>BFE6FB86180E8EF100E64AC4</key>
		<dict>
			<key>fileRef</key>
			<string>BFE6FB85180E8EF100E64AC4</string>
			<key>isa</key>
			<string>PBXBuildFile</string>
		</dict>
		<key>BFE6FB87180E8EF100E64AC4</key>
		<dict>
			<key>children</key>
			<array>
				<string>BFE6FB88180E8EF100E64AC4</string>
			</array>
			<key>isa</key>
			<string>PBXVariantGroup</string>
			<key>name</key>
			<string>Main.storyboard</string>
			<key>sourceTree</key>
			<string>&lt;group&gt;</string>
		</dict>
		<key>BFE6FB88180E8EF100E64AC4</key>
		<dict>
			<key>isa</key>
			<string>PBXFileReference</string>
			<key>lastKnownFileType</key>
			<string>file.storyboard</string>
			<key>name</key>
			<string>Base</string>
			<key>path</key>
			<string>Base.lproj/Main.storyboard</string>
			<key>sourceTree</key>
			<string>&lt;group&gt;</string>
		</dict>
		<key>BFE6FB89180E8EF100E64AC4</key>
		<dict>
			<key>fileRef</key>
			<string>BFE6FB87180E8EF100E64AC4</string>
			<key>isa</key>
			<string>PBXBuildFile</string>
		</dict>
		<key>BFE6FB90180E8EF100E64AC4</key>
		<dict>
			<key>isa</key>
			<string>PBXFileReference</string>
			<key>lastKnownFileType</key>
			<string>folder.assetcatalog</string>
			<key>path</key>
			<string>Images.xcassets</string>
			<key>sourceTree</key>
			<string>&lt;group&gt;</string>
		</dict>
		<key>BFE6FB91180E8EF100E64AC4</key>
		<dict>
			<key>fileRef</key>
			<string>BFE6FB90180E8EF100E64AC4</string>
			<key>isa</key>
			<string>PBXBuildFile</string>
		</dict>
		<key>BFE6FB97180E8EF100E64AC4</key>
		<dict>
			<key>isa</key>
			<string>PBXFileReference</string>
			<key>lastKnownFileType</key>
			<string>wrapper.framework</string>
			<key>name</key>
			<string>XCTest.framework</string>
			<key>path</key>
			<string>Library/Frameworks/XCTest.framework</string>
			<key>sourceTree</key>
			<string>DEVELOPER_DIR</string>
		</dict>
		<key>BFE6FBA5180E8EF100E64AC4</key>
		<dict>
			<key>buildSettings</key>
			<dict>
				<key>ALWAYS_SEARCH_USER_PATHS</key>
				<string>NO</string>
				<key>CLANG_CXX_LANGUAGE_STANDARD</key>
				<string>gnu++0x</string>
				<key>CLANG_CXX_LIBRARY</key>
				<string>libc++</string>
				<key>CLANG_ENABLE_MODULES</key>
				<string>YES</string>
				<key>CLANG_ENABLE_OBJC_ARC</key>
				<string>YES</string>
				<key>CLANG_WARN_BOOL_CONVERSION</key>
				<string>YES</string>
				<key>CLANG_WARN_CONSTANT_CONVERSION</key>
				<string>YES</string>
				<key>CLANG_WARN_DIRECT_OBJC_ISA_USAGE</key>
				<string>YES_ERROR</string>
				<key>CLANG_WARN_EMPTY_BODY</key>
				<string>YES</string>
				<key>CLANG_WARN_ENUM_CONVERSION</key>
				<string>YES</string>
				<key>CLANG_WARN_INT_CONVERSION</key>
				<string>YES</string>
				<key>CLANG_WARN_OBJC_ROOT_CLASS</key>
				<string>YES_ERROR</string>
				<key>CLANG_WARN__DUPLICATE_METHOD_MATCH</key>
				<string>YES</string>
				<key>CODE_SIGN_IDENTITY</key>
				<string>iPhone Developer</string>
				<key>CODE_SIGN_IDENTITY[sdk=iphoneos*]</key>
				<string>iPhone Developer</string>
				<key>COPY_PHASE_STRIP</key>
				<string>NO</string>
				<key>ENABLE_BITCODE</key>
				<string>NO</string>
				<key>ENABLE_TESTABILITY</key>
				<string>YES</string>
				<key>GCC_C_LANGUAGE_STANDARD</key>
				<string>gnu99</string>
				<key>GCC_DYNAMIC_NO_PIC</key>
				<string>NO</string>
				<key>GCC_OPTIMIZATION_LEVEL</key>
				<string>0</string>
				<key>GCC_PREPROCESSOR_DEFINITIONS</key>
				<array>
					<string>DEBUG=1</string>
					<string>$(inherited)</string>
					<string>DEV=1</string>
				</array>
				<key>GCC_SYMBOLS_PRIVATE_EXTERN</key>
				<string>NO</string>
				<key>GCC_WARN_64_TO_32_BIT_CONVERSION</key>
				<string>YES</string>
				<key>GCC_WARN_ABOUT_RETURN_TYPE</key>
				<string>YES_ERROR</string>
				<key>GCC_WARN_UNDECLARED_SELECTOR</key>
				<string>YES</string>
				<key>GCC_WARN_UNINITIALIZED_AUTOS</key>
				<string>YES</string>
				<key>GCC_WARN_UNUSED_FUNCTION</key>
				<string>YES</string>
				<key>GCC_WARN_UNUSED_VARIABLE</key>
				<string>YES</string>
				<key>IPHONEOS_DEPLOYMENT_TARGET</key>
				<string>7.0</string>
				<key>ONLY_ACTIVE_ARCH</key>
				<string>YES</string>
				<key>OTHER_CODE_SIGN_FLAGS</key>
				<string>--deep</string>
				<key>OTHER_LDFLAGS</key>
				<string>$(inherited)</string>
				<key>PROVISIONING_PROFILE</key>
				<string>59353764-8f5b-4697-86ee-8c07ac3ea489</string>
				<key>SDKROOT</key>
				<string>iphoneos</string>
			</dict>
			<key>isa</key>
			<string>XCBuildConfiguration</string>
			<key>name</key>
			<string>Debug</string>
		</dict>
		<key>BFE6FBA6180E8EF100E64AC4</key>
		<dict>
			<key>buildSettings</key>
			<dict>
				<key>ALWAYS_SEARCH_USER_PATHS</key>
				<string>NO</string>
				<key>CLANG_CXX_LANGUAGE_STANDARD</key>
				<string>gnu++0x</string>
				<key>CLANG_CXX_LIBRARY</key>
				<string>libc++</string>
				<key>CLANG_ENABLE_MODULES</key>
				<string>YES</string>
				<key>CLANG_ENABLE_OBJC_ARC</key>
				<string>YES</string>
				<key>CLANG_WARN_BOOL_CONVERSION</key>
				<string>YES</string>
				<key>CLANG_WARN_CONSTANT_CONVERSION</key>
				<string>YES</string>
				<key>CLANG_WARN_DIRECT_OBJC_ISA_USAGE</key>
				<string>YES_ERROR</string>
				<key>CLANG_WARN_EMPTY_BODY</key>
				<string>YES</string>
				<key>CLANG_WARN_ENUM_CONVERSION</key>
				<string>YES</string>
				<key>CLANG_WARN_INT_CONVERSION</key>
				<string>YES</string>
				<key>CLANG_WARN_OBJC_ROOT_CLASS</key>
				<string>YES_ERROR</string>
				<key>CLANG_WARN__DUPLICATE_METHOD_MATCH</key>
				<string>YES</string>
				<key>CODE_SIGN_IDENTITY</key>
				<string>iPhone Distribution</string>
				<key>CODE_SIGN_IDENTITY[sdk=iphoneos*]</key>
				<string>iPhone Distribution</string>
				<key>COPY_PHASE_STRIP</key>
				<string>YES</string>
				<key>ENABLE_BITCODE</key>
				<string>NO</string>
				<key>ENABLE_NS_ASSERTIONS</key>
				<string>NO</string>
				<key>GCC_C_LANGUAGE_STANDARD</key>
				<string>gnu99</string>
				<key>GCC_PREPROCESSOR_DEFINITIONS</key>
				<string>RELEASE=1</string>
				<key>GCC_WARN_64_TO_32_BIT_CONVERSION</key>
				<string>YES</string>
				<key>GCC_WARN_ABOUT_RETURN_TYPE</key>
				<string>YES_ERROR</string>
				<key>GCC_WARN_UNDECLARED_SELECTOR</key>
				<string>YES</string>
				<key>GCC_WARN_UNINITIALIZED_AUTOS</key>
				<string>YES</string>
				<key>GCC_WARN_UNUSED_FUNCTION</key>
				<string>YES</string>
				<key>GCC_WARN_UNUSED_VARIABLE</key>
				<string>YES</string>
				<key>IPHONEOS_DEPLOYMENT_TARGET</key>
				<string>7.0</string>
				<key>OTHER_CODE_SIGN_FLAGS</key>
				<string>--deep</string>
				<key>OTHER_LDFLAGS</key>
				<string>$(inherited)</string>
				<key>PROVISIONING_PROFILE</key>
				<string>f9c2a4c6-ab11-404a-9205-2399e793ee22</string>
				<key>SDKROOT</key>
				<string>iphoneos</string>
				<key>VALIDATE_PRODUCT</key>
				<string>YES</string>
			</dict>
			<key>isa</key>
			<string>XCBuildConfiguration</string>
			<key>name</key>
			<string>Release</string>
		</dict>
		<key>BFE6FBA7180E8EF100E64AC4</key>
		<dict>
			<key>buildConfigurations</key>
			<array>
				<string>BFE6FBA8180E8EF100E64AC4</string>
				<string>BFE6FBA9180E8EF100E64AC4</string>
				<string>86AB9BAA1B57F1B2000C830A</string>
			</array>
			<key>defaultConfigurationIsVisible</key>
			<string>0</string>
			<key>defaultConfigurationName</key>
			<string>Release</string>
			<key>isa</key>
			<string>XCConfigurationList</string>
		</dict>
		<key>BFE6FBA8180E8EF100E64AC4</key>
		<dict>
			<key>baseConfigurationReference</key>
			<string>B28710F05CC3FC9C8169A7CA</string>
			<key>buildSettings</key>
			<dict>
				<key>ASSETCATALOG_COMPILER_APPICON_NAME</key>
				<string>AppIcon</string>
				<key>ASSETCATALOG_COMPILER_LAUNCHIMAGE_NAME</key>
				<string>LaunchImage</string>
				<key>CODE_SIGN_IDENTITY</key>
				<string>iPhone Developer</string>
				<key>CODE_SIGN_RESOURCE_RULES_PATH</key>
				<string>$(SDKROOT)/ResourceRules.plist</string>
				<key>FRAMEWORK_SEARCH_PATHS</key>
				<array>
					<string>$(inherited)</string>
					<string>../Framework</string>
				</array>
				<key>GCC_PRECOMPILE_PREFIX_HEADER</key>
				<string>YES</string>
				<key>GCC_PREFIX_HEADER</key>
				<string>sample-chat/sample-chat-Prefix.pch</string>
				<key>HEADER_SEARCH_PATHS</key>
				<array>
					<string>$(inherited)</string>
					<string>$(SRCROOT)/../services/**</string>
				</array>
				<key>INFOPLIST_FILE</key>
				<string>sample-chat/sample-chat-Info.plist</string>
				<key>IPHONEOS_DEPLOYMENT_TARGET</key>
				<string>7.0</string>
				<key>OTHER_CODE_SIGN_FLAGS</key>
				<string>--deep</string>
				<key>OTHER_LDFLAGS</key>
				<string>$(inherited)</string>
				<key>PRODUCT_BUNDLE_IDENTIFIER</key>
				<string>com.quickblox.test-samplechat-objc</string>
				<key>PRODUCT_NAME</key>
				<string>samplechat</string>
				<key>PROVISIONING_PROFILE</key>
				<string></string>
				<key>TARGETED_DEVICE_FAMILY</key>
				<string>1</string>
				<key>WRAPPER_EXTENSION</key>
				<string>app</string>
			</dict>
			<key>isa</key>
			<string>XCBuildConfiguration</string>
			<key>name</key>
			<string>Debug</string>
		</dict>
		<key>BFE6FBA9180E8EF100E64AC4</key>
		<dict>
			<key>baseConfigurationReference</key>
			<string>1C300553BEFAEB30F2850033</string>
			<key>buildSettings</key>
			<dict>
				<key>ASSETCATALOG_COMPILER_APPICON_NAME</key>
				<string>AppIcon</string>
				<key>ASSETCATALOG_COMPILER_LAUNCHIMAGE_NAME</key>
				<string>LaunchImage</string>
				<key>CODE_SIGN_IDENTITY</key>
				<string>iPhone Distribution: Injoit LTD (8885H5G2YX)</string>
				<key>CODE_SIGN_RESOURCE_RULES_PATH</key>
				<string>$(SDKROOT)/ResourceRules.plist</string>
				<key>FRAMEWORK_SEARCH_PATHS</key>
				<array>
					<string>$(inherited)</string>
					<string>../Framework</string>
				</array>
				<key>GCC_PRECOMPILE_PREFIX_HEADER</key>
				<string>YES</string>
				<key>GCC_PREFIX_HEADER</key>
				<string>sample-chat/sample-chat-Prefix.pch</string>
				<key>HEADER_SEARCH_PATHS</key>
				<array>
					<string>$(inherited)</string>
					<string>$(SRCROOT)/../services/**</string>
				</array>
				<key>INFOPLIST_FILE</key>
				<string>sample-chat/sample-chat-Info.plist</string>
				<key>IPHONEOS_DEPLOYMENT_TARGET</key>
				<string>7.0</string>
				<key>OTHER_CODE_SIGN_FLAGS</key>
				<string>--deep</string>
				<key>OTHER_LDFLAGS</key>
				<string>$(inherited)</string>
				<key>PRODUCT_BUNDLE_IDENTIFIER</key>
				<string>com.quickblox.test-samplechat-objc</string>
				<key>PRODUCT_NAME</key>
				<string>samplechat</string>
				<key>PROVISIONING_PROFILE</key>
				<string>f9c2a4c6-ab11-404a-9205-2399e793ee22</string>
				<key>TARGETED_DEVICE_FAMILY</key>
				<string>1</string>
				<key>WRAPPER_EXTENSION</key>
				<string>app</string>
			</dict>
			<key>isa</key>
			<string>XCBuildConfiguration</string>
			<key>name</key>
			<string>Release</string>
		</dict>
		<key>BFE6FBAF180E9E5300E64AC4</key>
		<dict>
			<key>isa</key>
			<string>PBXFileReference</string>
			<key>lastKnownFileType</key>
			<string>wrapper.framework</string>
			<key>name</key>
			<string>CFNetwork.framework</string>
			<key>path</key>
			<string>System/Library/Frameworks/CFNetwork.framework</string>
			<key>sourceTree</key>
			<string>SDKROOT</string>
		</dict>
		<key>BFE6FBB0180E9E5300E64AC4</key>
		<dict>
			<key>fileRef</key>
			<string>BFE6FBAF180E9E5300E64AC4</string>
			<key>isa</key>
			<string>PBXBuildFile</string>
		</dict>
		<key>BFE6FBB1180E9E5E00E64AC4</key>
		<dict>
			<key>isa</key>
			<string>PBXFileReference</string>
			<key>lastKnownFileType</key>
			<string>wrapper.framework</string>
			<key>name</key>
			<string>SystemConfiguration.framework</string>
			<key>path</key>
			<string>System/Library/Frameworks/SystemConfiguration.framework</string>
			<key>sourceTree</key>
			<string>SDKROOT</string>
		</dict>
		<key>BFE6FBB2180E9E5E00E64AC4</key>
		<dict>
			<key>fileRef</key>
			<string>BFE6FBB1180E9E5E00E64AC4</string>
			<key>isa</key>
			<string>PBXBuildFile</string>
		</dict>
		<key>BFE6FBB3180E9E6800E64AC4</key>
		<dict>
			<key>isa</key>
			<string>PBXFileReference</string>
			<key>lastKnownFileType</key>
			<string>wrapper.framework</string>
			<key>name</key>
			<string>MobileCoreServices.framework</string>
			<key>path</key>
			<string>System/Library/Frameworks/MobileCoreServices.framework</string>
			<key>sourceTree</key>
			<string>SDKROOT</string>
		</dict>
		<key>BFE6FBB4180E9E6800E64AC4</key>
		<dict>
			<key>fileRef</key>
			<string>BFE6FBB3180E9E6800E64AC4</string>
			<key>isa</key>
			<string>PBXBuildFile</string>
		</dict>
		<key>BFE6FBB5180E9E7400E64AC4</key>
		<dict>
			<key>isa</key>
			<string>PBXFileReference</string>
			<key>lastKnownFileType</key>
			<string>wrapper.framework</string>
			<key>name</key>
			<string>CoreData.framework</string>
			<key>path</key>
			<string>System/Library/Frameworks/CoreData.framework</string>
			<key>sourceTree</key>
			<string>SDKROOT</string>
		</dict>
		<key>BFE6FBB6180E9E7400E64AC4</key>
		<dict>
			<key>fileRef</key>
			<string>BFE6FBB5180E9E7400E64AC4</string>
			<key>isa</key>
			<string>PBXBuildFile</string>
		</dict>
		<key>BFE6FBB7180E9E7800E64AC4</key>
		<dict>
			<key>isa</key>
			<string>PBXFileReference</string>
			<key>lastKnownFileType</key>
			<string>wrapper.framework</string>
			<key>name</key>
			<string>CoreLocation.framework</string>
			<key>path</key>
			<string>System/Library/Frameworks/CoreLocation.framework</string>
			<key>sourceTree</key>
			<string>SDKROOT</string>
		</dict>
		<key>BFE6FBB8180E9E7800E64AC4</key>
		<dict>
			<key>fileRef</key>
			<string>BFE6FBB7180E9E7800E64AC4</string>
			<key>isa</key>
			<string>PBXBuildFile</string>
		</dict>
		<key>BFE6FBB9180E9E7E00E64AC4</key>
		<dict>
			<key>isa</key>
			<string>PBXFileReference</string>
			<key>lastKnownFileType</key>
			<string>wrapper.framework</string>
			<key>name</key>
			<string>AudioToolbox.framework</string>
			<key>path</key>
			<string>System/Library/Frameworks/AudioToolbox.framework</string>
			<key>sourceTree</key>
			<string>SDKROOT</string>
		</dict>
		<key>BFE6FBBA180E9E7E00E64AC4</key>
		<dict>
			<key>fileRef</key>
			<string>BFE6FBB9180E9E7E00E64AC4</string>
			<key>isa</key>
			<string>PBXBuildFile</string>
		</dict>
		<key>BFE6FBBB180E9E8500E64AC4</key>
		<dict>
			<key>isa</key>
			<string>PBXFileReference</string>
			<key>lastKnownFileType</key>
			<string>wrapper.framework</string>
			<key>name</key>
			<string>CoreMedia.framework</string>
			<key>path</key>
			<string>System/Library/Frameworks/CoreMedia.framework</string>
			<key>sourceTree</key>
			<string>SDKROOT</string>
		</dict>
		<key>BFE6FBBC180E9E8500E64AC4</key>
		<dict>
			<key>fileRef</key>
			<string>BFE6FBBB180E9E8500E64AC4</string>
			<key>isa</key>
			<string>PBXBuildFile</string>
		</dict>
		<key>BFE6FBBD180E9E8A00E64AC4</key>
		<dict>
			<key>isa</key>
			<string>PBXFileReference</string>
			<key>lastKnownFileType</key>
			<string>wrapper.framework</string>
			<key>name</key>
			<string>Accelerate.framework</string>
			<key>path</key>
			<string>System/Library/Frameworks/Accelerate.framework</string>
			<key>sourceTree</key>
			<string>SDKROOT</string>
		</dict>
		<key>BFE6FBBE180E9E8B00E64AC4</key>
		<dict>
			<key>fileRef</key>
			<string>BFE6FBBD180E9E8A00E64AC4</string>
			<key>isa</key>
			<string>PBXBuildFile</string>
		</dict>
		<key>BFE6FBBF180E9E9000E64AC4</key>
		<dict>
			<key>isa</key>
			<string>PBXFileReference</string>
			<key>lastKnownFileType</key>
			<string>wrapper.framework</string>
			<key>name</key>
			<string>CoreVideo.framework</string>
			<key>path</key>
			<string>System/Library/Frameworks/CoreVideo.framework</string>
			<key>sourceTree</key>
			<string>SDKROOT</string>
		</dict>
		<key>BFE6FBC0180E9E9000E64AC4</key>
		<dict>
			<key>fileRef</key>
			<string>BFE6FBBF180E9E9000E64AC4</string>
			<key>isa</key>
			<string>PBXBuildFile</string>
		</dict>
		<key>BFE6FBC1180E9E9600E64AC4</key>
		<dict>
			<key>isa</key>
			<string>PBXFileReference</string>
			<key>lastKnownFileType</key>
			<string>wrapper.framework</string>
			<key>name</key>
			<string>AVFoundation.framework</string>
			<key>path</key>
			<string>System/Library/Frameworks/AVFoundation.framework</string>
			<key>sourceTree</key>
			<string>SDKROOT</string>
		</dict>
		<key>BFE6FBC2180E9E9600E64AC4</key>
		<dict>
			<key>fileRef</key>
			<string>BFE6FBC1180E9E9600E64AC4</string>
			<key>isa</key>
			<string>PBXBuildFile</string>
		</dict>
		<key>BFE6FBC9180EA2F300E64AC4</key>
		<dict>
			<key>children</key>
			<array>
				<string>BFE6FBCA180EA2F300E64AC4</string>
				<string>BFE6FBCB180EA2F300E64AC4</string>
				<string>1402B6A61B14C7340069E3A4</string>
				<string>1402B6A71B14C7340069E3A4</string>
				<string>143181771B1882EC001A933D</string>
				<string>143181781B1882EC001A933D</string>
				<string>1485D5FB1B25E60A00D26B2A</string>
				<string>1485D5FC1B25E60A00D26B2A</string>
				<string>86EE31B11B26EB6700B8A383</string>
				<string>86EE31B21B26EB6700B8A383</string>
				<string>86EE31B51B270B7F00B8A383</string>
				<string>86EE31B61B270B7F00B8A383</string>
			</array>
			<key>isa</key>
			<string>PBXGroup</string>
			<key>path</key>
			<string>ViewController</string>
			<key>sourceTree</key>
			<string>&lt;group&gt;</string>
		</dict>
		<key>BFE6FBCA180EA2F300E64AC4</key>
		<dict>
			<key>fileEncoding</key>
			<string>4</string>
			<key>isa</key>
			<string>PBXFileReference</string>
			<key>lastKnownFileType</key>
			<string>sourcecode.c.h</string>
			<key>path</key>
			<string>DialogsViewController.h</string>
			<key>sourceTree</key>
			<string>&lt;group&gt;</string>
		</dict>
		<key>BFE6FBCB180EA2F300E64AC4</key>
		<dict>
			<key>fileEncoding</key>
			<string>4</string>
			<key>isa</key>
			<string>PBXFileReference</string>
			<key>lastKnownFileType</key>
			<string>sourcecode.c.objc</string>
			<key>path</key>
			<string>DialogsViewController.m</string>
			<key>sourceTree</key>
			<string>&lt;group&gt;</string>
		</dict>
		<key>BFE6FBCE180EA2F300E64AC4</key>
		<dict>
			<key>fileRef</key>
			<string>BFE6FBCB180EA2F300E64AC4</string>
			<key>isa</key>
			<string>PBXBuildFile</string>
		</dict>
		<key>BFE6FBE2180F293C00E64AC4</key>
		<dict>
			<key>children</key>
			<array>
				<string>86104A1C1B0B5E1900464D52</string>
				<string>86104A1D1B0B5E1900464D52</string>
				<string>143181731B18714B001A933D</string>
				<string>86872E811BAF55A300BE9F23</string>
				<string>86872E821BAF55A300BE9F23</string>
			</array>
			<key>isa</key>
			<string>PBXGroup</string>
			<key>path</key>
			<string>Services</string>
			<key>sourceTree</key>
			<string>&lt;group&gt;</string>
		</dict>
		<key>BFE6FBF21812E0D300E64AC4</key>
		<dict>
			<key>children</key>
			<array>
				<string>1402B6981B14BF350069E3A4</string>
				<string>1402B6991B14BF350069E3A4</string>
				<string>1402B69B1B14BFBA0069E3A4</string>
				<string>1402B69C1B14BFBA0069E3A4</string>
				<string>1480E08D1B25DB6600DD6B7C</string>
				<string>1480E08E1B25DB6600DD6B7C</string>
			</array>
			<key>isa</key>
			<string>PBXGroup</string>
			<key>path</key>
			<string>Views</string>
			<key>sourceTree</key>
			<string>&lt;group&gt;</string>
		</dict>
		<key>EA0FB2DEF001482B9E0AC531</key>
		<dict>
			<key>buildActionMask</key>
			<string>2147483647</string>
			<key>files</key>
			<array/>
			<key>inputPaths</key>
			<array/>
			<key>isa</key>
			<string>PBXShellScriptBuildPhase</string>
			<key>name</key>
			<string>Copy Pods Resources</string>
			<key>outputPaths</key>
			<array/>
			<key>runOnlyForDeploymentPostprocessing</key>
			<string>0</string>
			<key>shellPath</key>
			<string>/bin/sh</string>
			<key>shellScript</key>
			<string>"${SRCROOT}/Pods/Target Support Files/Pods/Pods-resources.sh"
</string>
			<key>showEnvVarsInLog</key>
			<string>0</string>
		</dict>
		<key>EC1956EB9D11485189AD3B71</key>
		<dict>
			<key>explicitFileType</key>
			<string>archive.ar</string>
			<key>includeInIndex</key>
			<string>0</string>
			<key>isa</key>
			<string>PBXFileReference</string>
			<key>path</key>
			<string>libPods.a</string>
			<key>sourceTree</key>
			<string>BUILT_PRODUCTS_DIR</string>
		</dict>
	</dict>
	<key>rootObject</key>
	<string>BFE6FB6A180E8EF100E64AC4</string>
</dict>
</plist>
