PODS:
  - QuickBlox (2.17.1)
  - Quickblox-WebRTC (2.7.2):
    - QuickBlox (>= 2.7)
  - SVProgressHUD (2.2.5)

DEPENDENCIES:
  - QuickBlox (~> 2.15)
  - Quickblox-WebRTC (~> 2.7.2)
  - SVProgressHUD (~> 2.2.5)

SPEC REPOS:
  https://github.com/cocoapods/specs.git:
    - QuickBlox
    - Quickblox-WebRTC
    - SVProgressHUD

SPEC CHECKSUMS:
  QuickBlox: b8c327b61db8382880bd41185703acf228105a1c
  Quickblox-WebRTC: 512580112f1fd41cc3a52c834eb3bf303fe2b0af
  SVProgressHUD: 1428aafac632c1f86f62aa4243ec12008d7a51d6

PODFILE CHECKSUM: e9a5b48d22ab71b15d49b4261e1255d0f51d47e9

COCOAPODS: 1.5.3
