PODS:
  - QuickBlox (2.18.0)
  - Quickblox-WebRTC (2.8.1):
    - QuickBlox (>= 2.7)

DEPENDENCIES:
  - QuickBlox (~> 2.18.0)
  - Quickblox-WebRTC (~> 2.8.0)

SPEC REPOS:
  trunk:
    - QuickBlox
    - Quickblox-WebRTC

SPEC CHECKSUMS:
  QuickBlox: ffaf06dfbd5f4a3055138e44fc1663ecf4e215ae
  Quickblox-WebRTC: 10bb490c8f5ffe730a00b62549f059b386e99d8c

PODFILE CHECKSUM: f3f5b06d787cc2231429a1046ca1ab0bfe60e43d

COCOAPODS: 1.11.3
