PODS:
  - QuickBlox (2.17.10)
  - Quickblox-WebRTC (2.7.6):
    - QuickBlox (>= 2.7)

DEPENDENCIES:
  - QuickBlox (~> 2.17.10)
  - Quickblox-WebRTC (~> 2.7.6)

SPEC REPOS:
  trunk:
    - QuickBlox
    - Quickblox-WebRTC

SPEC CHECKSUMS:
  QuickBlox: 49d85c6e1782993fb2383001301b788a8d7dcad3
  Quickblox-WebRTC: 162d2421d91cfb3d4f7e01f87e095633ca52bb1d

PODFILE CHECKSUM: 0893a0d6154e772af3a086db7a2782f1e678e52f

COCOAPODS: 1.11.2
