<?xml version="1.0" encoding="UTF-8"?>
<!DOCTYPE plist PUBLIC "-//Apple//DTD PLIST 1.0//EN" "http://www.apple.com/DTDs/PropertyList-1.0.dtd">
<plist version="1.0">
<dict>
	<key>archiveVersion</key>
	<string>1</string>
	<key>classes</key>
	<dict/>
	<key>objectVersion</key>
	<string>46</string>
	<key>objects</key>
	<dict>
		<key>294D585C6BCA4CABAD7BBF5D</key>
		<dict>
			<key>explicitFileType</key>
			<string>archive.ar</string>
			<key>includeInIndex</key>
			<string>0</string>
			<key>isa</key>
			<string>PBXFileReference</string>
			<key>path</key>
			<string>libPods.a</string>
			<key>sourceTree</key>
			<string>BUILT_PRODUCTS_DIR</string>
		</dict>
		<key>43900C3F16246C090041381B</key>
		<dict>
			<key>isa</key>
			<string>PBXFileReference</string>
			<key>lastKnownFileType</key>
			<string>compiled.mach-o.dylib</string>
			<key>name</key>
			<string>libxml2.dylib</string>
			<key>path</key>
			<string>usr/lib/libxml2.dylib</string>
			<key>sourceTree</key>
			<string>SDKROOT</string>
		</dict>
		<key>43900C4016246C090041381B</key>
		<dict>
			<key>fileRef</key>
			<string>43900C3F16246C090041381B</string>
			<key>isa</key>
			<string>PBXBuildFile</string>
		</dict>
		<key>5579066E678D48D8AA31A3EC</key>
		<dict>
			<key>buildActionMask</key>
			<string>2147483647</string>
			<key>files</key>
			<array/>
			<key>inputPaths</key>
			<array/>
			<key>isa</key>
			<string>PBXShellScriptBuildPhase</string>
			<key>name</key>
			<string>Copy Pods Resources</string>
			<key>outputPaths</key>
			<array/>
			<key>runOnlyForDeploymentPostprocessing</key>
			<string>0</string>
			<key>shellPath</key>
			<string>/bin/sh</string>
			<key>shellScript</key>
			<string>"${SRCROOT}/Pods/Target Support Files/Pods/Pods-resources.sh"
</string>
			<key>showEnvVarsInLog</key>
			<string>0</string>
		</dict>
		<key>5B1B3EED2BD44101A7662A5F</key>
		<dict>
			<key>buildActionMask</key>
			<string>2147483647</string>
			<key>files</key>
			<array/>
			<key>inputPaths</key>
			<array/>
			<key>isa</key>
			<string>PBXShellScriptBuildPhase</string>
			<key>name</key>
			<string>Check Pods Manifest.lock</string>
			<key>outputPaths</key>
			<array/>
			<key>runOnlyForDeploymentPostprocessing</key>
			<string>0</string>
			<key>shellPath</key>
			<string>/bin/sh</string>
			<key>shellScript</key>
			<string>diff "${PODS_ROOT}/../Podfile.lock" "${PODS_ROOT}/Manifest.lock" &gt; /dev/null
if [[ $? != 0 ]] ; then
    cat &lt;&lt; EOM
error: The sandbox is not in sync with the Podfile.lock. Run 'pod install' or update your CocoaPods installation.
EOM
    exit 1
fi
</string>
			<key>showEnvVarsInLog</key>
			<string>0</string>
		</dict>
		<key>817DFB554453AE642BBD0BD7</key>
		<dict>
			<key>includeInIndex</key>
			<string>1</string>
			<key>isa</key>
			<string>PBXFileReference</string>
			<key>lastKnownFileType</key>
			<string>text.xcconfig</string>
			<key>name</key>
			<string>Pods.release.xcconfig</string>
			<key>path</key>
			<string>Pods/Target Support Files/Pods/Pods.release.xcconfig</string>
			<key>sourceTree</key>
			<string>&lt;group&gt;</string>
		</dict>
		<key>867440F2197958B2006D1686</key>
		<dict>
			<key>isa</key>
			<string>PBXFileReference</string>
			<key>lastKnownFileType</key>
			<string>folder.assetcatalog</string>
			<key>path</key>
			<string>Images.xcassets</string>
			<key>sourceTree</key>
			<string>&lt;group&gt;</string>
		</dict>
		<key>867440F3197958B2006D1686</key>
		<dict>
			<key>fileRef</key>
			<string>867440F2197958B2006D1686</string>
			<key>isa</key>
			<string>PBXBuildFile</string>
		</dict>
		<key>868183AD197D03D000305305</key>
		<dict>
			<key>fileEncoding</key>
			<string>4</string>
			<key>isa</key>
			<string>PBXFileReference</string>
			<key>lastKnownFileType</key>
			<string>file.storyboard</string>
			<key>name</key>
			<string>Main.storyboard</string>
			<key>path</key>
			<string>Resources/Main.storyboard</string>
			<key>sourceTree</key>
			<string>SOURCE_ROOT</string>
		</dict>
		<key>868183AE197D03D000305305</key>
		<dict>
			<key>fileRef</key>
			<string>868183AD197D03D000305305</string>
			<key>isa</key>
			<string>PBXBuildFile</string>
		</dict>
		<key>868183AF197D1B6200305305</key>
		<dict>
			<key>children</key>
			<array>
				<string>868183B0197D1B7E00305305</string>
				<string>868183B1197D1B7E00305305</string>
			</array>
			<key>isa</key>
			<string>PBXGroup</string>
			<key>name</key>
			<string>OperationsController</string>
			<key>sourceTree</key>
			<string>&lt;group&gt;</string>
		</dict>
		<key>868183B0197D1B7E00305305</key>
		<dict>
			<key>fileEncoding</key>
			<string>4</string>
			<key>isa</key>
			<string>PBXFileReference</string>
			<key>lastKnownFileType</key>
			<string>sourcecode.c.h</string>
			<key>name</key>
			<string>SSUOperationsViewController.h</string>
			<key>path</key>
			<string>OperationsController/SSUOperationsViewController.h</string>
			<key>sourceTree</key>
			<string>&lt;group&gt;</string>
		</dict>
		<key>868183B1197D1B7E00305305</key>
		<dict>
			<key>fileEncoding</key>
			<string>4</string>
			<key>isa</key>
			<string>PBXFileReference</string>
			<key>lastKnownFileType</key>
			<string>sourcecode.c.objc</string>
			<key>name</key>
			<string>SSUOperationsViewController.m</string>
			<key>path</key>
			<string>OperationsController/SSUOperationsViewController.m</string>
			<key>sourceTree</key>
			<string>&lt;group&gt;</string>
		</dict>
		<key>868183B2197D1B7E00305305</key>
		<dict>
			<key>fileRef</key>
			<string>868183B1197D1B7E00305305</string>
			<key>isa</key>
			<string>PBXBuildFile</string>
		</dict>
		<key>868183B3197D384A00305305</key>
		<dict>
			<key>children</key>
			<array>
				<string>868183B4197D387A00305305</string>
				<string>868183B5197D387A00305305</string>
			</array>
			<key>isa</key>
			<string>PBXGroup</string>
			<key>name</key>
			<string>UserCache</string>
			<key>sourceTree</key>
			<string>&lt;group&gt;</string>
		</dict>
		<key>868183B4197D387A00305305</key>
		<dict>
			<key>fileEncoding</key>
			<string>4</string>
			<key>isa</key>
			<string>PBXFileReference</string>
			<key>lastKnownFileType</key>
			<string>sourcecode.c.h</string>
			<key>name</key>
			<string>SSUUserCache.h</string>
			<key>path</key>
			<string>UserCache/SSUUserCache.h</string>
			<key>sourceTree</key>
			<string>&lt;group&gt;</string>
		</dict>
		<key>868183B5197D387A00305305</key>
		<dict>
			<key>fileEncoding</key>
			<string>4</string>
			<key>isa</key>
			<string>PBXFileReference</string>
			<key>lastKnownFileType</key>
			<string>sourcecode.c.objc</string>
			<key>name</key>
			<string>SSUUserCache.m</string>
			<key>path</key>
			<string>UserCache/SSUUserCache.m</string>
			<key>sourceTree</key>
			<string>&lt;group&gt;</string>
		</dict>
		<key>868183B6197D387A00305305</key>
		<dict>
			<key>fileRef</key>
			<string>868183B5197D387A00305305</string>
			<key>isa</key>
			<string>PBXBuildFile</string>
		</dict>
		<key>868183B7197D420E00305305</key>
		<dict>
			<key>children</key>
			<array>
				<string>868183B8197D422B00305305</string>
				<string>868183B9197D422B00305305</string>
			</array>
			<key>isa</key>
			<string>PBXGroup</string>
			<key>name</key>
			<string>LoginState</string>
			<key>sourceTree</key>
			<string>&lt;group&gt;</string>
		</dict>
		<key>868183B8197D422B00305305</key>
		<dict>
			<key>fileEncoding</key>
			<string>4</string>
			<key>isa</key>
			<string>PBXFileReference</string>
			<key>lastKnownFileType</key>
			<string>sourcecode.c.h</string>
			<key>name</key>
			<string>SSULoginState.h</string>
			<key>path</key>
			<string>SSULoginState/SSULoginState.h</string>
			<key>sourceTree</key>
			<string>&lt;group&gt;</string>
		</dict>
		<key>868183B9197D422B00305305</key>
		<dict>
			<key>fileEncoding</key>
			<string>4</string>
			<key>isa</key>
			<string>PBXFileReference</string>
			<key>lastKnownFileType</key>
			<string>sourcecode.c.objc</string>
			<key>name</key>
			<string>SSULoginState.m</string>
			<key>path</key>
			<string>SSULoginState/SSULoginState.m</string>
			<key>sourceTree</key>
			<string>&lt;group&gt;</string>
		</dict>
		<key>868183BA197D422B00305305</key>
		<dict>
			<key>fileRef</key>
			<string>868183B9197D422B00305305</string>
			<key>isa</key>
			<string>PBXBuildFile</string>
		</dict>
		<key>868183BC197D43C100305305</key>
		<dict>
			<key>isa</key>
			<string>PBXFileReference</string>
			<key>lastKnownFileType</key>
			<string>sourcecode.c.h</string>
			<key>name</key>
			<string>SSUChangesLoginState.h</string>
			<key>path</key>
			<string>Protocols/SSUChangesLoginState.h</string>
			<key>sourceTree</key>
			<string>&lt;group&gt;</string>
		</dict>
		<key>868183BD197D43C400305305</key>
		<dict>
			<key>children</key>
			<array>
				<string>868183BC197D43C100305305</string>
			</array>
			<key>isa</key>
			<string>PBXGroup</string>
			<key>name</key>
			<string>Protocols</string>
			<key>sourceTree</key>
			<string>&lt;group&gt;</string>
		</dict>
		<key>94B58B15891EDA0E059073F6</key>
		<dict>
			<key>includeInIndex</key>
			<string>1</string>
			<key>isa</key>
			<string>PBXFileReference</string>
			<key>lastKnownFileType</key>
			<string>text.xcconfig</string>
			<key>name</key>
			<string>Pods.debug.xcconfig</string>
			<key>path</key>
			<string>Pods/Target Support Files/Pods/Pods.debug.xcconfig</string>
			<key>sourceTree</key>
			<string>&lt;group&gt;</string>
		</dict>
		<key>961381CA9D718E083B6C43C7</key>
		<dict>
			<key>children</key>
			<array>
				<string>94B58B15891EDA0E059073F6</string>
				<string>817DFB554453AE642BBD0BD7</string>
			</array>
			<key>isa</key>
			<string>PBXGroup</string>
			<key>name</key>
			<string>Pods</string>
			<key>sourceTree</key>
			<string>&lt;group&gt;</string>
		</dict>
		<key>BFA79ED91843E8BA0044D9E0</key>
		<dict>
			<key>isa</key>
			<string>PBXFileReference</string>
			<key>lastKnownFileType</key>
			<string>wrapper.framework</string>
			<key>name</key>
			<string>Security.framework</string>
			<key>path</key>
			<string>System/Library/Frameworks/Security.framework</string>
			<key>sourceTree</key>
			<string>SDKROOT</string>
		</dict>
		<key>BFA79EDA1843E8BA0044D9E0</key>
		<dict>
			<key>fileRef</key>
			<string>BFA79ED91843E8BA0044D9E0</string>
			<key>isa</key>
			<string>PBXBuildFile</string>
		</dict>
		<key>BFAAF5231785B343009379B9</key>
		<dict>
			<key>isa</key>
			<string>PBXFileReference</string>
			<key>lastKnownFileType</key>
			<string>wrapper.framework</string>
			<key>name</key>
			<string>QuartzCore.framework</string>
			<key>path</key>
			<string>System/Library/Frameworks/QuartzCore.framework</string>
			<key>sourceTree</key>
			<string>SDKROOT</string>
		</dict>
		<key>BFAAF5241785B343009379B9</key>
		<dict>
			<key>fileRef</key>
			<string>BFAAF5231785B343009379B9</string>
			<key>isa</key>
			<string>PBXBuildFile</string>
		</dict>
		<key>D54CCE43859147E79F3FE140</key>
		<dict>
			<key>fileRef</key>
			<string>294D585C6BCA4CABAD7BBF5D</string>
			<key>isa</key>
			<string>PBXBuildFile</string>
		</dict>
		<key>FA43ACFB152B8ABC000A2EF7</key>
		<dict>
			<key>children</key>
			<array>
				<string>FA43AD27152B8AE9000A2EF7</string>
				<string>FA43ADD3152B95A3000A2EF7</string>
				<string>FA43AD09152B8ABD000A2EF7</string>
				<string>FA43AD07152B8ABD000A2EF7</string>
				<string>961381CA9D718E083B6C43C7</string>
			</array>
			<key>isa</key>
			<string>PBXGroup</string>
			<key>sourceTree</key>
			<string>&lt;group&gt;</string>
		</dict>
		<key>FA43ACFD152B8ABC000A2EF7</key>
		<dict>
			<key>attributes</key>
			<dict>
				<key>CLASSPREFIX</key>
				<string>SSU</string>
				<key>LastUpgradeCheck</key>
				<string>0610</string>
				<key>ORGANIZATIONNAME</key>
				<string>QuickBlox</string>
			</dict>
			<key>buildConfigurationList</key>
			<string>FA43AD00152B8ABC000A2EF7</string>
			<key>compatibilityVersion</key>
			<string>Xcode 3.2</string>
			<key>developmentRegion</key>
			<string>English</string>
			<key>hasScannedForEncodings</key>
			<string>0</string>
			<key>isa</key>
			<string>PBXProject</string>
			<key>knownRegions</key>
			<array>
				<string>en</string>
			</array>
			<key>mainGroup</key>
			<string>FA43ACFB152B8ABC000A2EF7</string>
			<key>productRefGroup</key>
			<string>FA43AD07152B8ABD000A2EF7</string>
			<key>projectDirPath</key>
			<string></string>
			<key>projectReferences</key>
			<array/>
			<key>projectRoot</key>
			<string></string>
			<key>targets</key>
			<array>
				<string>FA43AD05152B8ABC000A2EF7</string>
			</array>
		</dict>
		<key>FA43AD00152B8ABC000A2EF7</key>
		<dict>
			<key>buildConfigurations</key>
			<array>
				<string>FA43AD22152B8ABD000A2EF7</string>
				<string>FA43AD23152B8ABD000A2EF7</string>
			</array>
			<key>defaultConfigurationIsVisible</key>
			<string>0</string>
			<key>defaultConfigurationName</key>
			<string>Release</string>
			<key>isa</key>
			<string>XCConfigurationList</string>
		</dict>
		<key>FA43AD02152B8ABC000A2EF7</key>
		<dict>
			<key>buildActionMask</key>
			<string>2147483647</string>
			<key>files</key>
			<array>
				<string>FA43AD5D152B8AE9000A2EF7</string>
				<string>FA43AD8B152B8BAE000A2EF7</string>
				<string>868183B2197D1B7E00305305</string>
				<string>FAF4BB3F15F4F6A0009E15D4</string>
				<string>FAF4BB4015F4F6A0009E15D4</string>
				<string>FAF4BB4115F4F6A0009E15D4</string>
				<string>FAF4BB4215F4F6A0009E15D4</string>
				<string>FAF4BB4315F4F6A0009E15D4</string>
				<string>FAF4BB4415F4F6A0009E15D4</string>
				<string>868183B6197D387A00305305</string>
				<string>FAF4BB4515F4F6A0009E15D4</string>
				<string>868183BA197D422B00305305</string>
			</array>
			<key>isa</key>
			<string>PBXSourcesBuildPhase</string>
			<key>runOnlyForDeploymentPostprocessing</key>
			<string>0</string>
		</dict>
		<key>FA43AD03152B8ABC000A2EF7</key>
		<dict>
			<key>buildActionMask</key>
			<string>2147483647</string>
			<key>files</key>
			<array>
				<string>BFA79EDA1843E8BA0044D9E0</string>
				<string>BFAAF5241785B343009379B9</string>
				<string>FAC8B9F316D2D5AA00F03311</string>
				<string>FAC8B9F116D2D5A400F03311</string>
				<string>FAC8B9EF16D2D59F00F03311</string>
				<string>FAC8B9ED16D2D59A00F03311</string>
				<string>FAC8B9EB16D2D59400F03311</string>
				<string>43900C4016246C090041381B</string>
				<string>FAE86FDC15EB6B9D002E16AA</string>
				<string>FA43AD84152B8B3F000A2EF7</string>
				<string>FA43AD82152B8B3B000A2EF7</string>
				<string>FA43AD80152B8B2C000A2EF7</string>
				<string>FA43AD7E152B8B24000A2EF7</string>
				<string>FA43AD7C152B8B1F000A2EF7</string>
				<string>FA43AD0B152B8ABD000A2EF7</string>
				<string>FA43AD0D152B8ABD000A2EF7</string>
				<string>FA43AD0F152B8ABD000A2EF7</string>
				<string>D54CCE43859147E79F3FE140</string>
			</array>
			<key>isa</key>
			<string>PBXFrameworksBuildPhase</string>
			<key>runOnlyForDeploymentPostprocessing</key>
			<string>0</string>
		</dict>
		<key>FA43AD04152B8ABC000A2EF7</key>
		<dict>
			<key>buildActionMask</key>
			<string>2147483647</string>
			<key>files</key>
			<array>
				<string>FA43AD8A152B8BAE000A2EF7</string>
				<string>868183AE197D03D000305305</string>
				<string>867440F3197958B2006D1686</string>
			</array>
			<key>isa</key>
			<string>PBXResourcesBuildPhase</string>
			<key>runOnlyForDeploymentPostprocessing</key>
			<string>0</string>
		</dict>
		<key>FA43AD05152B8ABC000A2EF7</key>
		<dict>
			<key>buildConfigurationList</key>
			<string>FA43AD24152B8ABD000A2EF7</string>
			<key>buildPhases</key>
			<array>
				<string>5B1B3EED2BD44101A7662A5F</string>
				<string>FA43AD02152B8ABC000A2EF7</string>
				<string>FA43AD03152B8ABC000A2EF7</string>
				<string>FA43AD04152B8ABC000A2EF7</string>
				<string>5579066E678D48D8AA31A3EC</string>
			</array>
			<key>buildRules</key>
			<array/>
			<key>dependencies</key>
			<array/>
			<key>isa</key>
			<string>PBXNativeTarget</string>
			<key>name</key>
			<string>SimpleSample-users-ios</string>
			<key>productName</key>
			<string>SimpleSample-users-ios</string>
			<key>productReference</key>
			<string>FA43AD06152B8ABD000A2EF7</string>
			<key>productType</key>
			<string>com.apple.product-type.application</string>
		</dict>
		<key>FA43AD06152B8ABD000A2EF7</key>
		<dict>
			<key>explicitFileType</key>
			<string>wrapper.application</string>
			<key>includeInIndex</key>
			<string>0</string>
			<key>isa</key>
			<string>PBXFileReference</string>
			<key>path</key>
			<string>Users.app</string>
			<key>sourceTree</key>
			<string>BUILT_PRODUCTS_DIR</string>
		</dict>
		<key>FA43AD07152B8ABD000A2EF7</key>
		<dict>
			<key>children</key>
			<array>
				<string>FA43AD06152B8ABD000A2EF7</string>
			</array>
			<key>isa</key>
			<string>PBXGroup</string>
			<key>name</key>
			<string>Products</string>
			<key>sourceTree</key>
			<string>&lt;group&gt;</string>
		</dict>
		<key>FA43AD09152B8ABD000A2EF7</key>
		<dict>
			<key>children</key>
			<array>
				<string>BFA79ED91843E8BA0044D9E0</string>
				<string>BFAAF5231785B343009379B9</string>
				<string>FAC8B9F216D2D5AA00F03311</string>
				<string>FAC8B9F016D2D5A400F03311</string>
				<string>FAC8B9EE16D2D59F00F03311</string>
				<string>FAC8B9EC16D2D59A00F03311</string>
				<string>FAC8B9EA16D2D59400F03311</string>
				<string>FA43AD83152B8B3F000A2EF7</string>
				<string>43900C3F16246C090041381B</string>
				<string>FAE86FDB15EB6B9D002E16AA</string>
				<string>FA43AD81152B8B3B000A2EF7</string>
				<string>FA43AD7F152B8B2C000A2EF7</string>
				<string>FA43AD7D152B8B24000A2EF7</string>
				<string>FA43AD7B152B8B1F000A2EF7</string>
				<string>FA43AD0A152B8ABD000A2EF7</string>
				<string>FA43AD0C152B8ABD000A2EF7</string>
				<string>FA43AD0E152B8ABD000A2EF7</string>
				<string>294D585C6BCA4CABAD7BBF5D</string>
			</array>
			<key>isa</key>
			<string>PBXGroup</string>
			<key>name</key>
			<string>Frameworks</string>
			<key>sourceTree</key>
			<string>&lt;group&gt;</string>
		</dict>
		<key>FA43AD0A152B8ABD000A2EF7</key>
		<dict>
			<key>isa</key>
			<string>PBXFileReference</string>
			<key>lastKnownFileType</key>
			<string>wrapper.framework</string>
			<key>name</key>
			<string>UIKit.framework</string>
			<key>path</key>
			<string>System/Library/Frameworks/UIKit.framework</string>
			<key>sourceTree</key>
			<string>SDKROOT</string>
		</dict>
		<key>FA43AD0B152B8ABD000A2EF7</key>
		<dict>
			<key>fileRef</key>
			<string>FA43AD0A152B8ABD000A2EF7</string>
			<key>isa</key>
			<string>PBXBuildFile</string>
		</dict>
		<key>FA43AD0C152B8ABD000A2EF7</key>
		<dict>
			<key>isa</key>
			<string>PBXFileReference</string>
			<key>lastKnownFileType</key>
			<string>wrapper.framework</string>
			<key>name</key>
			<string>Foundation.framework</string>
			<key>path</key>
			<string>System/Library/Frameworks/Foundation.framework</string>
			<key>sourceTree</key>
			<string>SDKROOT</string>
		</dict>
		<key>FA43AD0D152B8ABD000A2EF7</key>
		<dict>
			<key>fileRef</key>
			<string>FA43AD0C152B8ABD000A2EF7</string>
			<key>isa</key>
			<string>PBXBuildFile</string>
		</dict>
		<key>FA43AD0E152B8ABD000A2EF7</key>
		<dict>
			<key>isa</key>
			<string>PBXFileReference</string>
			<key>lastKnownFileType</key>
			<string>wrapper.framework</string>
			<key>name</key>
			<string>CoreGraphics.framework</string>
			<key>path</key>
			<string>System/Library/Frameworks/CoreGraphics.framework</string>
			<key>sourceTree</key>
			<string>SDKROOT</string>
		</dict>
		<key>FA43AD0F152B8ABD000A2EF7</key>
		<dict>
			<key>fileRef</key>
			<string>FA43AD0E152B8ABD000A2EF7</string>
			<key>isa</key>
			<string>PBXBuildFile</string>
		</dict>
		<key>FA43AD22152B8ABD000A2EF7</key>
		<dict>
			<key>buildSettings</key>
			<dict>
				<key>ALWAYS_SEARCH_USER_PATHS</key>
				<string>NO</string>
				<key>CLANG_WARN_BOOL_CONVERSION</key>
				<string>YES</string>
				<key>CLANG_WARN_CONSTANT_CONVERSION</key>
				<string>YES</string>
				<key>CLANG_WARN_EMPTY_BODY</key>
				<string>YES</string>
				<key>CLANG_WARN_ENUM_CONVERSION</key>
				<string>YES</string>
				<key>CLANG_WARN_INT_CONVERSION</key>
				<string>YES</string>
				<key>CLANG_WARN_UNREACHABLE_CODE</key>
				<string>YES</string>
				<key>CLANG_WARN__DUPLICATE_METHOD_MATCH</key>
				<string>YES</string>
				<key>CODE_SIGN_IDENTITY</key>
				<string>iPhone Developer: Taras Filatov (6AVH4TA956)</string>
				<key>CODE_SIGN_IDENTITY[sdk=iphoneos*]</key>
				<string>iPhone Developer: Taras Filatov (6AVH4TA956)</string>
				<key>COPY_PHASE_STRIP</key>
				<string>NO</string>
				<key>ENABLE_STRICT_OBJC_MSGSEND</key>
				<string>YES</string>
				<key>GCC_C_LANGUAGE_STANDARD</key>
				<string>gnu99</string>
				<key>GCC_DYNAMIC_NO_PIC</key>
				<string>NO</string>
				<key>GCC_OPTIMIZATION_LEVEL</key>
				<string>0</string>
				<key>GCC_PREPROCESSOR_DEFINITIONS</key>
				<array>
					<string>DEBUG=1</string>
					<string>$(inherited)</string>
				</array>
				<key>GCC_SYMBOLS_PRIVATE_EXTERN</key>
				<string>NO</string>
				<key>GCC_VERSION</key>
				<string>com.apple.compilers.llvm.clang.1_0</string>
				<key>GCC_WARN_64_TO_32_BIT_CONVERSION</key>
				<string>YES</string>
				<key>GCC_WARN_ABOUT_RETURN_TYPE</key>
				<string>YES</string>
				<key>GCC_WARN_UNDECLARED_SELECTOR</key>
				<string>YES</string>
				<key>GCC_WARN_UNINITIALIZED_AUTOS</key>
				<string>YES</string>
				<key>GCC_WARN_UNUSED_FUNCTION</key>
				<string>YES</string>
				<key>GCC_WARN_UNUSED_VARIABLE</key>
				<string>YES</string>
				<key>IPHONEOS_DEPLOYMENT_TARGET</key>
				<string>5.1</string>
				<key>ONLY_ACTIVE_ARCH</key>
				<string>YES</string>
				<key>PROVISIONING_PROFILE</key>
				<string>DAE2D3F8-2688-4CB9-9C29-64A223CB206C</string>
				<key>PROVISIONING_PROFILE[sdk=iphoneos*]</key>
				<string>DAE2D3F8-2688-4CB9-9C29-64A223CB206C</string>
				<key>SDKROOT</key>
				<string>iphoneos</string>
			</dict>
			<key>isa</key>
			<string>XCBuildConfiguration</string>
			<key>name</key>
			<string>Debug</string>
		</dict>
		<key>FA43AD23152B8ABD000A2EF7</key>
		<dict>
			<key>buildSettings</key>
			<dict>
				<key>ALWAYS_SEARCH_USER_PATHS</key>
				<string>NO</string>
				<key>CLANG_WARN_BOOL_CONVERSION</key>
				<string>YES</string>
				<key>CLANG_WARN_CONSTANT_CONVERSION</key>
				<string>YES</string>
				<key>CLANG_WARN_EMPTY_BODY</key>
				<string>YES</string>
				<key>CLANG_WARN_ENUM_CONVERSION</key>
				<string>YES</string>
				<key>CLANG_WARN_INT_CONVERSION</key>
				<string>YES</string>
				<key>CLANG_WARN_UNREACHABLE_CODE</key>
				<string>YES</string>
				<key>CLANG_WARN__DUPLICATE_METHOD_MATCH</key>
				<string>YES</string>
				<key>CODE_SIGN_IDENTITY[sdk=iphoneos*]</key>
				<string>iPhone Developer</string>
				<key>COPY_PHASE_STRIP</key>
				<string>YES</string>
				<key>ENABLE_STRICT_OBJC_MSGSEND</key>
				<string>YES</string>
				<key>GCC_C_LANGUAGE_STANDARD</key>
				<string>gnu99</string>
				<key>GCC_VERSION</key>
				<string>com.apple.compilers.llvm.clang.1_0</string>
				<key>GCC_WARN_64_TO_32_BIT_CONVERSION</key>
				<string>YES</string>
				<key>GCC_WARN_ABOUT_RETURN_TYPE</key>
				<string>YES</string>
				<key>GCC_WARN_UNDECLARED_SELECTOR</key>
				<string>YES</string>
				<key>GCC_WARN_UNINITIALIZED_AUTOS</key>
				<string>YES</string>
				<key>GCC_WARN_UNUSED_FUNCTION</key>
				<string>YES</string>
				<key>GCC_WARN_UNUSED_VARIABLE</key>
				<string>YES</string>
				<key>IPHONEOS_DEPLOYMENT_TARGET</key>
				<string>5.1</string>
				<key>OTHER_CFLAGS</key>
				<string>-DNS_BLOCK_ASSERTIONS=1</string>
				<key>SDKROOT</key>
				<string>iphoneos</string>
				<key>VALIDATE_PRODUCT</key>
				<string>YES</string>
			</dict>
			<key>isa</key>
			<string>XCBuildConfiguration</string>
			<key>name</key>
			<string>Release</string>
		</dict>
		<key>FA43AD24152B8ABD000A2EF7</key>
		<dict>
			<key>buildConfigurations</key>
			<array>
				<string>FA43AD25152B8ABD000A2EF7</string>
				<string>FA43AD26152B8ABD000A2EF7</string>
			</array>
			<key>defaultConfigurationIsVisible</key>
			<string>0</string>
			<key>defaultConfigurationName</key>
			<string>Release</string>
			<key>isa</key>
			<string>XCConfigurationList</string>
		</dict>
		<key>FA43AD25152B8ABD000A2EF7</key>
		<dict>
			<key>baseConfigurationReference</key>
			<string>94B58B15891EDA0E059073F6</string>
			<key>buildSettings</key>
			<dict>
				<key>ASSETCATALOG_COMPILER_APPICON_NAME</key>
				<string>AppIcon</string>
				<key>ASSETCATALOG_COMPILER_LAUNCHIMAGE_NAME</key>
				<string>LaunchImage</string>
				<key>CLANG_ENABLE_OBJC_ARC</key>
				<string>YES</string>
				<key>CODE_SIGN_IDENTITY</key>
				<string>iPhone Developer: Taras Filatov (6AVH4TA956)</string>
				<key>CODE_SIGN_IDENTITY[sdk=iphoneos*]</key>
				<string>iPhone Distribution: Injoit LTD (8885H5G2YX)</string>
				<key>FRAMEWORK_SEARCH_PATHS</key>
				<array>
					<string>$(inherited)</string>
					<string>$(SRCROOT)</string>
				</array>
				<key>GCC_PRECOMPILE_PREFIX_HEADER</key>
				<string>YES</string>
				<key>GCC_PREFIX_HEADER</key>
				<string>SimpleSample-users-ios/Supporting Files/SimpleSample-users-ios-Prefix.pch</string>
				<key>HEADER_SEARCH_PATHS</key>
				<array>
					<string>"${PODS_ROOT}/Headers"</string>
					<string>"${PODS_ROOT}/Headers/MTBlockAlertView"</string>
					<string>"${PODS_ROOT}/Headers/libextobjc"</string>
					<string>/usr/include/libxml2</string>
				</array>
				<key>INFOPLIST_FILE</key>
				<string>SimpleSample-users-ios/Supporting Files/SimpleSample-users-ios-Info.plist</string>
				<key>IPHONEOS_DEPLOYMENT_TARGET</key>
				<string>6.0</string>
				<key>OTHER_LDFLAGS</key>
				<string>$(inherited)</string>
				<key>OTHER_LDFLAGS[arch=*]</key>
				<string>$(inherited)</string>
				<key>PRODUCT_NAME</key>
				<string>Users</string>
				<key>PROVISIONING_PROFILE</key>
				<string>f06d7ce9-0270-4261-96c3-f711fb9e66cd</string>
				<key>PROVISIONING_PROFILE[sdk=iphoneos*]</key>
				<string>f06d7ce9-0270-4261-96c3-f711fb9e66cd</string>
				<key>WRAPPER_EXTENSION</key>
				<string>app</string>
			</dict>
			<key>isa</key>
			<string>XCBuildConfiguration</string>
			<key>name</key>
			<string>Debug</string>
		</dict>
		<key>FA43AD26152B8ABD000A2EF7</key>
		<dict>
			<key>baseConfigurationReference</key>
			<string>817DFB554453AE642BBD0BD7</string>
			<key>buildSettings</key>
			<dict>
				<key>ASSETCATALOG_COMPILER_APPICON_NAME</key>
				<string>AppIcon</string>
				<key>ASSETCATALOG_COMPILER_LAUNCHIMAGE_NAME</key>
				<string>LaunchImage</string>
				<key>CLANG_ENABLE_OBJC_ARC</key>
				<string>YES</string>
				<key>CODE_SIGN_IDENTITY</key>
				<string>iPhone Developer: Taras Filatov (6AVH4TA956)</string>
				<key>FRAMEWORK_SEARCH_PATHS</key>
				<array>
					<string>$(inherited)</string>
					<string>$(SRCROOT)</string>
				</array>
				<key>GCC_PRECOMPILE_PREFIX_HEADER</key>
				<string>YES</string>
				<key>GCC_PREFIX_HEADER</key>
				<string>SimpleSample-users-ios/Supporting Files/SimpleSample-users-ios-Prefix.pch</string>
				<key>HEADER_SEARCH_PATHS</key>
				<array>
					<string>"${PODS_ROOT}/Headers"</string>
					<string>"${PODS_ROOT}/Headers/MTBlockAlertView"</string>
					<string>"${PODS_ROOT}/Headers/libextobjc"</string>
					<string>/usr/include/libxml2</string>
				</array>
				<key>INFOPLIST_FILE</key>
				<string>SimpleSample-users-ios/Supporting Files/SimpleSample-users-ios-Info.plist</string>
				<key>IPHONEOS_DEPLOYMENT_TARGET</key>
				<string>6.0</string>
				<key>OTHER_LDFLAGS</key>
				<string>$(inherited)</string>
				<key>PRODUCT_NAME</key>
				<string>Users</string>
				<key>PROVISIONING_PROFILE</key>
				<string>f06d7ce9-0270-4261-96c3-f711fb9e66cd</string>
				<key>WRAPPER_EXTENSION</key>
				<string>app</string>
			</dict>
			<key>isa</key>
			<string>XCBuildConfiguration</string>
			<key>name</key>
			<string>Release</string>
		</dict>
		<key>FA43AD27152B8AE9000A2EF7</key>
		<dict>
			<key>children</key>
			<array>
				<string>FA43AD28152B8AE9000A2EF7</string>
				<string>FA43AD29152B8AE9000A2EF7</string>
				<string>868183B7197D420E00305305</string>
				<string>868183B3197D384A00305305</string>
				<string>FAF4BB2915F4F6A0009E15D4</string>
				<string>FAF4BB3C15F4F6A0009E15D4</string>
				<string>FA43AD85152B8BAE000A2EF7</string>
			</array>
			<key>isa</key>
			<string>PBXGroup</string>
			<key>path</key>
			<string>SimpleSample-users-ios</string>
			<key>sourceTree</key>
			<string>&lt;group&gt;</string>
		</dict>
		<key>FA43AD28152B8AE9000A2EF7</key>
		<dict>
			<key>fileEncoding</key>
			<string>4</string>
			<key>isa</key>
			<string>PBXFileReference</string>
			<key>lastKnownFileType</key>
			<string>sourcecode.c.h</string>
			<key>path</key>
			<string>SSUAppDelegate.h</string>
			<key>sourceTree</key>
			<string>&lt;group&gt;</string>
		</dict>
		<key>FA43AD29152B8AE9000A2EF7</key>
		<dict>
			<key>fileEncoding</key>
			<string>4</string>
			<key>isa</key>
			<string>PBXFileReference</string>
			<key>lastKnownFileType</key>
			<string>sourcecode.c.objc</string>
			<key>path</key>
			<string>SSUAppDelegate.m</string>
			<key>sourceTree</key>
			<string>&lt;group&gt;</string>
		</dict>
		<key>FA43AD5D152B8AE9000A2EF7</key>
		<dict>
			<key>fileRef</key>
			<string>FA43AD29152B8AE9000A2EF7</string>
			<key>isa</key>
			<string>PBXBuildFile</string>
		</dict>
		<key>FA43AD7B152B8B1F000A2EF7</key>
		<dict>
			<key>isa</key>
			<string>PBXFileReference</string>
			<key>lastKnownFileType</key>
			<string>wrapper.framework</string>
			<key>name</key>
			<string>CFNetwork.framework</string>
			<key>path</key>
			<string>System/Library/Frameworks/CFNetwork.framework</string>
			<key>sourceTree</key>
			<string>SDKROOT</string>
		</dict>
		<key>FA43AD7C152B8B1F000A2EF7</key>
		<dict>
			<key>fileRef</key>
			<string>FA43AD7B152B8B1F000A2EF7</string>
			<key>isa</key>
			<string>PBXBuildFile</string>
		</dict>
		<key>FA43AD7D152B8B24000A2EF7</key>
		<dict>
			<key>isa</key>
			<string>PBXFileReference</string>
			<key>lastKnownFileType</key>
			<string>wrapper.framework</string>
			<key>name</key>
			<string>SystemConfiguration.framework</string>
			<key>path</key>
			<string>System/Library/Frameworks/SystemConfiguration.framework</string>
			<key>sourceTree</key>
			<string>SDKROOT</string>
		</dict>
		<key>FA43AD7E152B8B24000A2EF7</key>
		<dict>
			<key>fileRef</key>
			<string>FA43AD7D152B8B24000A2EF7</string>
			<key>isa</key>
			<string>PBXBuildFile</string>
		</dict>
		<key>FA43AD7F152B8B2C000A2EF7</key>
		<dict>
			<key>isa</key>
			<string>PBXFileReference</string>
			<key>lastKnownFileType</key>
			<string>wrapper.framework</string>
			<key>name</key>
			<string>MobileCoreServices.framework</string>
			<key>path</key>
			<string>System/Library/Frameworks/MobileCoreServices.framework</string>
			<key>sourceTree</key>
			<string>SDKROOT</string>
		</dict>
		<key>FA43AD80152B8B2C000A2EF7</key>
		<dict>
			<key>fileRef</key>
			<string>FA43AD7F152B8B2C000A2EF7</string>
			<key>isa</key>
			<string>PBXBuildFile</string>
		</dict>
		<key>FA43AD81152B8B3B000A2EF7</key>
		<dict>
			<key>isa</key>
			<string>PBXFileReference</string>
			<key>lastKnownFileType</key>
			<string>wrapper.framework</string>
			<key>name</key>
			<string>CoreLocation.framework</string>
			<key>path</key>
			<string>System/Library/Frameworks/CoreLocation.framework</string>
			<key>sourceTree</key>
			<string>SDKROOT</string>
		</dict>
		<key>FA43AD82152B8B3B000A2EF7</key>
		<dict>
			<key>fileRef</key>
			<string>FA43AD81152B8B3B000A2EF7</string>
			<key>isa</key>
			<string>PBXBuildFile</string>
		</dict>
		<key>FA43AD83152B8B3F000A2EF7</key>
		<dict>
			<key>isa</key>
			<string>PBXFileReference</string>
			<key>lastKnownFileType</key>
			<string>compiled.mach-o.dylib</string>
			<key>name</key>
			<string>libz.dylib</string>
			<key>path</key>
			<string>usr/lib/libz.dylib</string>
			<key>sourceTree</key>
			<string>SDKROOT</string>
		</dict>
		<key>FA43AD84152B8B3F000A2EF7</key>
		<dict>
			<key>fileRef</key>
			<string>FA43AD83152B8B3F000A2EF7</string>
			<key>isa</key>
			<string>PBXBuildFile</string>
		</dict>
		<key>FA43AD85152B8BAE000A2EF7</key>
		<dict>
			<key>children</key>
			<array>
				<string>FA43AD86152B8BAE000A2EF7</string>
				<string>FA43AD87152B8BAE000A2EF7</string>
				<string>FA43AD88152B8BAE000A2EF7</string>
				<string>FA43AD89152B8BAE000A2EF7</string>
			</array>
			<key>isa</key>
			<string>PBXGroup</string>
			<key>path</key>
			<string>Supporting Files</string>
			<key>sourceTree</key>
			<string>&lt;group&gt;</string>
		</dict>
		<key>FA43AD86152B8BAE000A2EF7</key>
		<dict>
			<key>fileEncoding</key>
			<string>4</string>
			<key>isa</key>
			<string>PBXFileReference</string>
			<key>lastKnownFileType</key>
			<string>text.plist.strings</string>
			<key>path</key>
			<string>InfoPlist.strings</string>
			<key>sourceTree</key>
			<string>&lt;group&gt;</string>
		</dict>
		<key>FA43AD87152B8BAE000A2EF7</key>
		<dict>
			<key>fileEncoding</key>
			<string>4</string>
			<key>isa</key>
			<string>PBXFileReference</string>
			<key>lastKnownFileType</key>
			<string>sourcecode.c.objc</string>
			<key>path</key>
			<string>main.m</string>
			<key>sourceTree</key>
			<string>&lt;group&gt;</string>
		</dict>
		<key>FA43AD88152B8BAE000A2EF7</key>
		<dict>
			<key>fileEncoding</key>
			<string>4</string>
			<key>isa</key>
			<string>PBXFileReference</string>
			<key>lastKnownFileType</key>
			<string>text.plist.xml</string>
			<key>path</key>
			<string>SimpleSample-users-ios-Info.plist</string>
			<key>sourceTree</key>
			<string>&lt;group&gt;</string>
		</dict>
		<key>FA43AD89152B8BAE000A2EF7</key>
		<dict>
			<key>fileEncoding</key>
			<string>4</string>
			<key>isa</key>
			<string>PBXFileReference</string>
			<key>lastKnownFileType</key>
			<string>sourcecode.c.h</string>
			<key>path</key>
			<string>SimpleSample-users-ios-Prefix.pch</string>
			<key>sourceTree</key>
			<string>&lt;group&gt;</string>
		</dict>
		<key>FA43AD8A152B8BAE000A2EF7</key>
		<dict>
			<key>fileRef</key>
			<string>FA43AD86152B8BAE000A2EF7</string>
			<key>isa</key>
			<string>PBXBuildFile</string>
		</dict>
		<key>FA43AD8B152B8BAE000A2EF7</key>
		<dict>
			<key>fileRef</key>
			<string>FA43AD87152B8BAE000A2EF7</string>
			<key>isa</key>
			<string>PBXBuildFile</string>
		</dict>
		<key>FA43ADD3152B95A3000A2EF7</key>
		<dict>
			<key>children</key>
			<array>
				<string>867440F2197958B2006D1686</string>
				<string>868183AD197D03D000305305</string>
			</array>
			<key>isa</key>
			<string>PBXGroup</string>
			<key>path</key>
			<string>Resources</string>
			<key>sourceTree</key>
			<string>&lt;group&gt;</string>
		</dict>
		<key>FAC8B9EA16D2D59400F03311</key>
		<dict>
			<key>isa</key>
			<string>PBXFileReference</string>
			<key>lastKnownFileType</key>
			<string>wrapper.framework</string>
			<key>name</key>
			<string>CoreMedia.framework</string>
			<key>path</key>
			<string>System/Library/Frameworks/CoreMedia.framework</string>
			<key>sourceTree</key>
			<string>SDKROOT</string>
		</dict>
		<key>FAC8B9EB16D2D59400F03311</key>
		<dict>
			<key>fileRef</key>
			<string>FAC8B9EA16D2D59400F03311</string>
			<key>isa</key>
			<string>PBXBuildFile</string>
		</dict>
		<key>FAC8B9EC16D2D59A00F03311</key>
		<dict>
			<key>isa</key>
			<string>PBXFileReference</string>
			<key>lastKnownFileType</key>
			<string>wrapper.framework</string>
			<key>name</key>
			<string>CoreVideo.framework</string>
			<key>path</key>
			<string>System/Library/Frameworks/CoreVideo.framework</string>
			<key>sourceTree</key>
			<string>SDKROOT</string>
		</dict>
		<key>FAC8B9ED16D2D59A00F03311</key>
		<dict>
			<key>fileRef</key>
			<string>FAC8B9EC16D2D59A00F03311</string>
			<key>isa</key>
			<string>PBXBuildFile</string>
		</dict>
		<key>FAC8B9EE16D2D59F00F03311</key>
		<dict>
			<key>isa</key>
			<string>PBXFileReference</string>
			<key>lastKnownFileType</key>
			<string>wrapper.framework</string>
			<key>name</key>
			<string>AVFoundation.framework</string>
			<key>path</key>
			<string>System/Library/Frameworks/AVFoundation.framework</string>
			<key>sourceTree</key>
			<string>SDKROOT</string>
		</dict>
		<key>FAC8B9EF16D2D59F00F03311</key>
		<dict>
			<key>fileRef</key>
			<string>FAC8B9EE16D2D59F00F03311</string>
			<key>isa</key>
			<string>PBXBuildFile</string>
		</dict>
		<key>FAC8B9F016D2D5A400F03311</key>
		<dict>
			<key>isa</key>
			<string>PBXFileReference</string>
			<key>lastKnownFileType</key>
			<string>wrapper.framework</string>
			<key>name</key>
			<string>Accelerate.framework</string>
			<key>path</key>
			<string>System/Library/Frameworks/Accelerate.framework</string>
			<key>sourceTree</key>
			<string>SDKROOT</string>
		</dict>
		<key>FAC8B9F116D2D5A400F03311</key>
		<dict>
			<key>fileRef</key>
			<string>FAC8B9F016D2D5A400F03311</string>
			<key>isa</key>
			<string>PBXBuildFile</string>
		</dict>
		<key>FAC8B9F216D2D5AA00F03311</key>
		<dict>
			<key>isa</key>
			<string>PBXFileReference</string>
			<key>lastKnownFileType</key>
			<string>wrapper.framework</string>
			<key>name</key>
			<string>AudioToolbox.framework</string>
			<key>path</key>
			<string>System/Library/Frameworks/AudioToolbox.framework</string>
			<key>sourceTree</key>
			<string>SDKROOT</string>
		</dict>
		<key>FAC8B9F316D2D5AA00F03311</key>
		<dict>
			<key>fileRef</key>
			<string>FAC8B9F216D2D5AA00F03311</string>
			<key>isa</key>
			<string>PBXBuildFile</string>
		</dict>
		<key>FAE86FDB15EB6B9D002E16AA</key>
		<dict>
			<key>isa</key>
			<string>PBXFileReference</string>
			<key>lastKnownFileType</key>
			<string>compiled.mach-o.dylib</string>
			<key>name</key>
			<string>libresolv.dylib</string>
			<key>path</key>
			<string>usr/lib/libresolv.dylib</string>
			<key>sourceTree</key>
			<string>SDKROOT</string>
		</dict>
		<key>FAE86FDC15EB6B9D002E16AA</key>
		<dict>
			<key>fileRef</key>
			<string>FAE86FDB15EB6B9D002E16AA</string>
			<key>isa</key>
			<string>PBXBuildFile</string>
		</dict>
		<key>FAF4BB2915F4F6A0009E15D4</key>
		<dict>
			<key>children</key>
			<array>
				<string>868183AF197D1B6200305305</string>
				<string>FAF4BB3615F4F6A0009E15D4</string>
				<string>FAF4BB2D15F4F6A0009E15D4</string>
				<string>FAF4BB3015F4F6A0009E15D4</string>
				<string>FAF4BB3315F4F6A0009E15D4</string>
				<string>FAF4BB2A15F4F6A0009E15D4</string>
				<string>FAF4BB3915F4F6A0009E15D4</string>
				<string>868183BD197D43C400305305</string>
			</array>
			<key>isa</key>
			<string>PBXGroup</string>
			<key>path</key>
			<string>ViewControllers</string>
			<key>sourceTree</key>
			<string>&lt;group&gt;</string>
		</dict>
		<key>FAF4BB2A15F4F6A0009E15D4</key>
		<dict>
			<key>children</key>
			<array>
				<string>FAF4BB2B15F4F6A0009E15D4</string>
				<string>FAF4BB2C15F4F6A0009E15D4</string>
			</array>
			<key>isa</key>
			<string>PBXGroup</string>
			<key>path</key>
			<string>EditViewController</string>
			<key>sourceTree</key>
			<string>&lt;group&gt;</string>
		</dict>
		<key>FAF4BB2B15F4F6A0009E15D4</key>
		<dict>
			<key>fileEncoding</key>
			<string>4</string>
			<key>isa</key>
			<string>PBXFileReference</string>
			<key>lastKnownFileType</key>
			<string>sourcecode.c.h</string>
			<key>path</key>
			<string>SSUEditViewController.h</string>
			<key>sourceTree</key>
			<string>&lt;group&gt;</string>
		</dict>
		<key>FAF4BB2C15F4F6A0009E15D4</key>
		<dict>
			<key>fileEncoding</key>
			<string>4</string>
			<key>isa</key>
			<string>PBXFileReference</string>
			<key>lastKnownFileType</key>
			<string>sourcecode.c.objc</string>
			<key>path</key>
			<string>SSUEditViewController.m</string>
			<key>sourceTree</key>
			<string>&lt;group&gt;</string>
		</dict>
		<key>FAF4BB2D15F4F6A0009E15D4</key>
		<dict>
			<key>children</key>
			<array>
				<string>FAF4BB2E15F4F6A0009E15D4</string>
				<string>FAF4BB2F15F4F6A0009E15D4</string>
			</array>
			<key>isa</key>
			<string>PBXGroup</string>
			<key>path</key>
			<string>LoginController</string>
			<key>sourceTree</key>
			<string>&lt;group&gt;</string>
		</dict>
		<key>FAF4BB2E15F4F6A0009E15D4</key>
		<dict>
			<key>fileEncoding</key>
			<string>4</string>
			<key>isa</key>
			<string>PBXFileReference</string>
			<key>lastKnownFileType</key>
			<string>sourcecode.c.h</string>
			<key>path</key>
			<string>SSULoginViewController.h</string>
			<key>sourceTree</key>
			<string>&lt;group&gt;</string>
		</dict>
		<key>FAF4BB2F15F4F6A0009E15D4</key>
		<dict>
			<key>fileEncoding</key>
			<string>4</string>
			<key>isa</key>
			<string>PBXFileReference</string>
			<key>lastKnownFileType</key>
			<string>sourcecode.c.objc</string>
			<key>path</key>
			<string>SSULoginViewController.m</string>
			<key>sourceTree</key>
			<string>&lt;group&gt;</string>
		</dict>
		<key>FAF4BB3015F4F6A0009E15D4</key>
		<dict>
			<key>children</key>
			<array>
				<string>FAF4BB3115F4F6A0009E15D4</string>
				<string>FAF4BB3215F4F6A0009E15D4</string>
			</array>
			<key>isa</key>
			<string>PBXGroup</string>
			<key>path</key>
			<string>MainViewController</string>
			<key>sourceTree</key>
			<string>&lt;group&gt;</string>
		</dict>
		<key>FAF4BB3115F4F6A0009E15D4</key>
		<dict>
			<key>fileEncoding</key>
			<string>4</string>
			<key>isa</key>
			<string>PBXFileReference</string>
			<key>lastKnownFileType</key>
			<string>sourcecode.c.h</string>
			<key>path</key>
			<string>SSUMainViewController.h</string>
			<key>sourceTree</key>
			<string>&lt;group&gt;</string>
		</dict>
		<key>FAF4BB3215F4F6A0009E15D4</key>
		<dict>
			<key>fileEncoding</key>
			<string>4</string>
			<key>isa</key>
			<string>PBXFileReference</string>
			<key>lastKnownFileType</key>
			<string>sourcecode.c.objc</string>
			<key>path</key>
			<string>SSUMainViewController.m</string>
			<key>sourceTree</key>
			<string>&lt;group&gt;</string>
		</dict>
		<key>FAF4BB3315F4F6A0009E15D4</key>
		<dict>
			<key>children</key>
			<array>
				<string>FAF4BB3415F4F6A0009E15D4</string>
				<string>FAF4BB3515F4F6A0009E15D4</string>
			</array>
			<key>isa</key>
			<string>PBXGroup</string>
			<key>path</key>
			<string>RegistrationController</string>
			<key>sourceTree</key>
			<string>&lt;group&gt;</string>
		</dict>
		<key>FAF4BB3415F4F6A0009E15D4</key>
		<dict>
			<key>fileEncoding</key>
			<string>4</string>
			<key>isa</key>
			<string>PBXFileReference</string>
			<key>lastKnownFileType</key>
			<string>sourcecode.c.h</string>
			<key>path</key>
			<string>SSURegistrationViewController.h</string>
			<key>sourceTree</key>
			<string>&lt;group&gt;</string>
		</dict>
		<key>FAF4BB3515F4F6A0009E15D4</key>
		<dict>
			<key>fileEncoding</key>
			<string>4</string>
			<key>isa</key>
			<string>PBXFileReference</string>
			<key>lastKnownFileType</key>
			<string>sourcecode.c.objc</string>
			<key>path</key>
			<string>SSURegistrationViewController.m</string>
			<key>sourceTree</key>
			<string>&lt;group&gt;</string>
		</dict>
		<key>FAF4BB3615F4F6A0009E15D4</key>
		<dict>
			<key>children</key>
			<array>
				<string>FAF4BB3715F4F6A0009E15D4</string>
				<string>FAF4BB3815F4F6A0009E15D4</string>
			</array>
			<key>isa</key>
			<string>PBXGroup</string>
			<key>path</key>
			<string>SplashController</string>
			<key>sourceTree</key>
			<string>&lt;group&gt;</string>
		</dict>
		<key>FAF4BB3715F4F6A0009E15D4</key>
		<dict>
			<key>fileEncoding</key>
			<string>4</string>
			<key>isa</key>
			<string>PBXFileReference</string>
			<key>lastKnownFileType</key>
			<string>sourcecode.c.h</string>
			<key>path</key>
			<string>SSUSplashViewController.h</string>
			<key>sourceTree</key>
			<string>&lt;group&gt;</string>
		</dict>
		<key>FAF4BB3815F4F6A0009E15D4</key>
		<dict>
			<key>fileEncoding</key>
			<string>4</string>
			<key>isa</key>
			<string>PBXFileReference</string>
			<key>lastKnownFileType</key>
			<string>sourcecode.c.objc</string>
			<key>path</key>
			<string>SSUSplashViewController.m</string>
			<key>sourceTree</key>
			<string>&lt;group&gt;</string>
		</dict>
		<key>FAF4BB3915F4F6A0009E15D4</key>
		<dict>
			<key>children</key>
			<array>
				<string>FAF4BB3A15F4F6A0009E15D4</string>
				<string>FAF4BB3B15F4F6A0009E15D4</string>
			</array>
			<key>isa</key>
			<string>PBXGroup</string>
			<key>path</key>
			<string>UserDetailsViewController</string>
			<key>sourceTree</key>
			<string>&lt;group&gt;</string>
		</dict>
		<key>FAF4BB3A15F4F6A0009E15D4</key>
		<dict>
			<key>fileEncoding</key>
			<string>4</string>
			<key>isa</key>
			<string>PBXFileReference</string>
			<key>lastKnownFileType</key>
			<string>sourcecode.c.h</string>
			<key>path</key>
			<string>SSUUserDetailsViewController.h</string>
			<key>sourceTree</key>
			<string>&lt;group&gt;</string>
		</dict>
		<key>FAF4BB3B15F4F6A0009E15D4</key>
		<dict>
			<key>fileEncoding</key>
			<string>4</string>
			<key>isa</key>
			<string>PBXFileReference</string>
			<key>lastKnownFileType</key>
			<string>sourcecode.c.objc</string>
			<key>path</key>
			<string>SSUUserDetailsViewController.m</string>
			<key>sourceTree</key>
			<string>&lt;group&gt;</string>
		</dict>
		<key>FAF4BB3C15F4F6A0009E15D4</key>
		<dict>
			<key>children</key>
			<array>
				<string>FAF4BB3D15F4F6A0009E15D4</string>
				<string>FAF4BB3E15F4F6A0009E15D4</string>
			</array>
			<key>isa</key>
			<string>PBXGroup</string>
			<key>name</key>
			<string>Cells</string>
			<key>path</key>
			<string>Views</string>
			<key>sourceTree</key>
			<string>&lt;group&gt;</string>
		</dict>
		<key>FAF4BB3D15F4F6A0009E15D4</key>
		<dict>
			<key>fileEncoding</key>
			<string>4</string>
			<key>isa</key>
			<string>PBXFileReference</string>
			<key>lastKnownFileType</key>
			<string>sourcecode.c.h</string>
			<key>path</key>
			<string>SSUUserTableViewCell.h</string>
			<key>sourceTree</key>
			<string>&lt;group&gt;</string>
		</dict>
		<key>FAF4BB3E15F4F6A0009E15D4</key>
		<dict>
			<key>fileEncoding</key>
			<string>4</string>
			<key>isa</key>
			<string>PBXFileReference</string>
			<key>lastKnownFileType</key>
			<string>sourcecode.c.objc</string>
			<key>path</key>
			<string>SSUUserTableViewCell.m</string>
			<key>sourceTree</key>
			<string>&lt;group&gt;</string>
		</dict>
		<key>FAF4BB3F15F4F6A0009E15D4</key>
		<dict>
			<key>fileRef</key>
			<string>FAF4BB2C15F4F6A0009E15D4</string>
			<key>isa</key>
			<string>PBXBuildFile</string>
		</dict>
		<key>FAF4BB4015F4F6A0009E15D4</key>
		<dict>
			<key>fileRef</key>
			<string>FAF4BB2F15F4F6A0009E15D4</string>
			<key>isa</key>
			<string>PBXBuildFile</string>
		</dict>
		<key>FAF4BB4115F4F6A0009E15D4</key>
		<dict>
			<key>fileRef</key>
			<string>FAF4BB3215F4F6A0009E15D4</string>
			<key>isa</key>
			<string>PBXBuildFile</string>
		</dict>
		<key>FAF4BB4215F4F6A0009E15D4</key>
		<dict>
			<key>fileRef</key>
			<string>FAF4BB3515F4F6A0009E15D4</string>
			<key>isa</key>
			<string>PBXBuildFile</string>
		</dict>
		<key>FAF4BB4315F4F6A0009E15D4</key>
		<dict>
			<key>fileRef</key>
			<string>FAF4BB3815F4F6A0009E15D4</string>
			<key>isa</key>
			<string>PBXBuildFile</string>
		</dict>
		<key>FAF4BB4415F4F6A0009E15D4</key>
		<dict>
			<key>fileRef</key>
			<string>FAF4BB3B15F4F6A0009E15D4</string>
			<key>isa</key>
			<string>PBXBuildFile</string>
		</dict>
		<key>FAF4BB4515F4F6A0009E15D4</key>
		<dict>
			<key>fileRef</key>
			<string>FAF4BB3E15F4F6A0009E15D4</string>
			<key>isa</key>
			<string>PBXBuildFile</string>
		</dict>
	</dict>
	<key>rootObject</key>
	<string>FA43ACFD152B8ABC000A2EF7</string>
</dict>
</plist>
