// !$*UTF8*$!
{
	archiveVersion = 1;
	classes = {
	};
	objectVersion = 46;
	objects = {

/* Begin PBXBuildFile section */
		140478D01AE5399D00BC383F /* Bond.swift in Sources */ = {isa = PBXBuildFile; fileRef = 140478CF1AE5399D00BC383F /* Bond.swift */; };
		140478D61AE539DC00BC383F /* Bond+Arrays.swift in Sources */ = {isa = PBXBuildFile; fileRef = 140478D11AE539DC00BC383F /* Bond+Arrays.swift */; };
		140478D71AE539DC00BC383F /* Bond+Foundation.swift in Sources */ = {isa = PBXBuildFile; fileRef = 140478D21AE539DC00BC383F /* Bond+Foundation.swift */; };
		140478D81AE539DC00BC383F /* Bond+Functional.swift in Sources */ = {isa = PBXBuildFile; fileRef = 140478D31AE539DC00BC383F /* Bond+Functional.swift */; };
		140478D91AE539DC00BC383F /* Bond+Operators.swift in Sources */ = {isa = PBXBuildFile; fileRef = 140478D41AE539DC00BC383F /* Bond+Operators.swift */; };
		140478DA1AE539DC00BC383F /* Bond+UIView.swift in Sources */ = {isa = PBXBuildFile; fileRef = 140478D51AE539DC00BC383F /* Bond+UIView.swift */; };
		1437A7921AC9948600A39692 /* AppDelegate.swift in Sources */ = {isa = PBXBuildFile; fileRef = 1437A7911AC9948600A39692 /* AppDelegate.swift */; };
		1437A7971AC9948600A39692 /* Main.storyboard in Resources */ = {isa = PBXBuildFile; fileRef = 1437A7951AC9948600A39692 /* Main.storyboard */; };
		1437A7991AC9948600A39692 /* Images.xcassets in Resources */ = {isa = PBXBuildFile; fileRef = 1437A7981AC9948600A39692 /* Images.xcassets */; };
		1437A7B51AC999D700A39692 /* Constants.swift in Sources */ = {isa = PBXBuildFile; fileRef = 1437A7B41AC9987400A39692 /* Constants.swift */; };
		143D7E231AE8E4A4005E11B6 /* JSQMessagesCollectionViewCell+CustomAction.swift in Sources */ = {isa = PBXBuildFile; fileRef = 143D7E221AE8E4A4005E11B6 /* JSQMessagesCollectionViewCell+CustomAction.swift */; };
		144E3EB81ACA8E5D00E62645 /* devUsers.plist in Resources */ = {isa = PBXBuildFile; fileRef = 144E3EB51ACA8E5D00E62645 /* devUsers.plist */; };
		144E3EB91ACA8E5D00E62645 /* qaUsers.plist in Resources */ = {isa = PBXBuildFile; fileRef = 144E3EB61ACA8E5D00E62645 /* qaUsers.plist */; };
		144E3EBA1ACA8E5D00E62645 /* releaseUsers.plist in Resources */ = {isa = PBXBuildFile; fileRef = 144E3EB71ACA8E5D00E62645 /* releaseUsers.plist */; };
		146DE9791ACAA42600F203A5 /* libz.dylib in Frameworks */ = {isa = PBXBuildFile; fileRef = 146DE9781ACAA42600F203A5 /* libz.dylib */; };
		147DA9D91AEA730C0001F691 /* Localizable.strings in Resources */ = {isa = PBXBuildFile; fileRef = 147DA9D81AEA730C0001F691 /* Localizable.strings */; };
		147E76FA1AE117E10067340A /* UIAlertDialog.m in Sources */ = {isa = PBXBuildFile; fileRef = 147E76F91AE117E10067340A /* UIAlertDialog.m */; };
		1493F79A1AEA525F00FA51A4 /* String+Localized.swift in Sources */ = {isa = PBXBuildFile; fileRef = 1493F7991AEA525F00FA51A4 /* String+Localized.swift */; };
		149636FE1B033F740079A6A2 /* IJReachability.swift in Sources */ = {isa = PBXBuildFile; fileRef = 149636FD1B033F740079A6A2 /* IJReachability.swift */; };
		14A4DCC61AC9A6030046D45C /* SystemConfiguration.framework in Frameworks */ = {isa = PBXBuildFile; fileRef = 14A4DCC51AC9A6030046D45C /* SystemConfiguration.framework */; };
		14A4DCC81AC9A6070046D45C /* MobileCoreServices.framework in Frameworks */ = {isa = PBXBuildFile; fileRef = 14A4DCC71AC9A6070046D45C /* MobileCoreServices.framework */; };
		14FAE0481ACAEF0B001D8525 /* libresolv.dylib in Frameworks */ = {isa = PBXBuildFile; fileRef = 14FAE0471ACAEF0B001D8525 /* libresolv.dylib */; };
		14FAE04A1ACAEF14001D8525 /* libxml2.2.dylib in Frameworks */ = {isa = PBXBuildFile; fileRef = 14FAE0491ACAEF14001D8525 /* libxml2.2.dylib */; };
		2C8BB1701B1346A9004540F8 /* ServicesManager.swift in Sources */ = {isa = PBXBuildFile; fileRef = 2C293C5C1B0F6BDE00A5E863 /* ServicesManager.swift */; };
		2C8BB1731B134925004540F8 /* libQMServices.a in Frameworks */ = {isa = PBXBuildFile; fileRef = 2C6E81131B0F1B2A00A6E86D /* libQMServices.a */; };
		2CC2068F1B14720C00ACE4EA /* StorageManager.swift in Sources */ = {isa = PBXBuildFile; fileRef = 2CC2068E1B14720C00ACE4EA /* StorageManager.swift */; };
		2CC206921B14A44600ACE4EA /* QMChatCacheModel.bundle in Resources */ = {isa = PBXBuildFile; fileRef = 2CC206911B14A44600ACE4EA /* QMChatCacheModel.bundle */; };
		6844003C05B374842DFCDD49 /* SwipeableTableViewCellWithBlockButtons.swift in Sources */ = {isa = PBXBuildFile; fileRef = 68440207D7B86B9F06C38878 /* SwipeableTableViewCellWithBlockButtons.swift */; };
		684400CE32CC2D4D22A5AFD5 /* SwiftAlertWithTextField.swift in Sources */ = {isa = PBXBuildFile; fileRef = 684403034A069565608E044A /* SwiftAlertWithTextField.swift */; };
		684400F787FBE39BBA9B52C8 /* GroupChatUsersInfoTableViewController.swift in Sources */ = {isa = PBXBuildFile; fileRef = 68440DDFBC8DF8C88DEE2898 /* GroupChatUsersInfoTableViewController.swift */; };
		684401C9A58F0D7F16766275 /* QBUUser+Color.swift in Sources */ = {isa = PBXBuildFile; fileRef = 68440F958A8E07D1A6ECBE19 /* QBUUser+Color.swift */; };
		6844023A6DABFA72BD0EF343 /* UserTableViewCell.swift in Sources */ = {isa = PBXBuildFile; fileRef = 68440AC65A0DF248480F2934 /* UserTableViewCell.swift */; };
		68440348A117B28D4310C109 /* SWCellScrollView.m in Sources */ = {isa = PBXBuildFile; fileRef = 6844016C8F2191AB6F8EF2C1 /* SWCellScrollView.m */; };
		684403AB8D5D258A114BD3AB /* LoginTableViewController.swift in Sources */ = {isa = PBXBuildFile; fileRef = 6844013BAAEEEAE22EEAA322 /* LoginTableViewController.swift */; };
		684403FFA3130E8D9A8E5322 /* NewDialogViewController.swift in Sources */ = {isa = PBXBuildFile; fileRef = 68440AC5E7B04D8555A9110C /* NewDialogViewController.swift */; };
		684404420BD9EFEF61B415FF /* PrivacyManager.swift in Sources */ = {isa = PBXBuildFile; fileRef = 68440DD31D40E2D45C2DD6D8 /* PrivacyManager.swift */; };
		684405DFCD6BDCDE9C6C01DA /* SWTableViewCell.m in Sources */ = {isa = PBXBuildFile; fileRef = 68440B64A6DCB47F42586E73 /* SWTableViewCell.m */; };
		684407391A2A30262CCDFD32 /* ConnectionManager.swift in Sources */ = {isa = PBXBuildFile; fileRef = 68440A97C23ACC21DA8A066D /* ConnectionManager.swift */; };
		68440820F7DF260CB13FCEE0 /* DialogsViewController.swift in Sources */ = {isa = PBXBuildFile; fileRef = 68440035DAA846751DEDBE4D /* DialogsViewController.swift */; };
		684408CE77B18BB94EA1A05E /* NSMutableArray+SWUtilityButtons.m in Sources */ = {isa = PBXBuildFile; fileRef = 684400D69D86FD4E756C2429 /* NSMutableArray+SWUtilityButtons.m */; };
		6844092644F749AC14ADA55A /* SWUtilityButtonView.m in Sources */ = {isa = PBXBuildFile; fileRef = 68440393684436D4EF1FCA0F /* SWUtilityButtonView.m */; };
		68440B196D063839CDD277A4 /* ChatViewController.swift in Sources */ = {isa = PBXBuildFile; fileRef = 68440972CDF0423CCE31BC15 /* ChatViewController.swift */; };
		68440B4B643F5140EDD4FC5B /* ChatViewModel.swift in Sources */ = {isa = PBXBuildFile; fileRef = 684401D788CC291FFC9FB3B4 /* ChatViewModel.swift */; };
		68440D4EE3FECE357167667C /* CornerView.swift in Sources */ = {isa = PBXBuildFile; fileRef = 68440A2C1E78F6FC561A7A09 /* CornerView.swift */; };
		68440E1A11797B0339FE642C /* UsersDataSource.swift in Sources */ = {isa = PBXBuildFile; fileRef = 6844032D32F069FADE16948E /* UsersDataSource.swift */; };
		68440ED75A4B1A0C3894605D /* SWLongPressGestureRecognizer.m in Sources */ = {isa = PBXBuildFile; fileRef = 6844058775AF1E5CF0E0D10A /* SWLongPressGestureRecognizer.m */; };
		68440EE02D9A7184D21DF0F7 /* SwiftAlert.swift in Sources */ = {isa = PBXBuildFile; fileRef = 68440EF02AB27CCF47A87701 /* SwiftAlert.swift */; };
		68440EFB2AAFECA0082EE311 /* SWUtilityButtonTapGestureRecognizer.m in Sources */ = {isa = PBXBuildFile; fileRef = 684404DA6223F752665E2B06 /* SWUtilityButtonTapGestureRecognizer.m */; };
		68440F70B8D97EC5EB2C25A9 /* UserTableViewCellModel.swift in Sources */ = {isa = PBXBuildFile; fileRef = 68440A5F08B14D5F4A4C7B8B /* UserTableViewCellModel.swift */; };
		86CCE8EA1B0E13CC00CA6A0D /* Quickblox.framework in Frameworks */ = {isa = PBXBuildFile; fileRef = 144E8B5A1B04B65C0021B25C /* Quickblox.framework */; };
		E4846548A07890DC6B23D7FE /* libPods.a in Frameworks */ = {isa = PBXBuildFile; fileRef = FD2A86B40E54C31F0788A286 /* libPods.a */; };
/* End PBXBuildFile section */

/* Begin PBXContainerItemProxy section */
		2C293C571B0F58BE00A5E863 /* PBXContainerItemProxy */ = {
			isa = PBXContainerItemProxy;
			containerPortal = 2C6E81051B0F1B2A00A6E86D /* QMServices.xcodeproj */;
			proxyType = 1;
			remoteGlobalIDString = 55013A301A1F63910030C134;
			remoteInfo = QMServices;
		};
		2C6E81121B0F1B2A00A6E86D /* PBXContainerItemProxy */ = {
			isa = PBXContainerItemProxy;
			containerPortal = 2C6E81051B0F1B2A00A6E86D /* QMServices.xcodeproj */;
			proxyType = 2;
			remoteGlobalIDString = 55A365301A2744D300C792C0;
			remoteInfo = QMServices;
		};
/* End PBXContainerItemProxy section */

/* Begin PBXFileReference section */
		140478CF1AE5399D00BC383F /* Bond.swift */ = {isa = PBXFileReference; fileEncoding = 4; lastKnownFileType = sourcecode.swift; name = Bond.swift; path = Bond/Bond.swift; sourceTree = "<group>"; };
		140478D11AE539DC00BC383F /* Bond+Arrays.swift */ = {isa = PBXFileReference; fileEncoding = 4; lastKnownFileType = sourcecode.swift; path = "Bond+Arrays.swift"; sourceTree = "<group>"; };
		140478D21AE539DC00BC383F /* Bond+Foundation.swift */ = {isa = PBXFileReference; fileEncoding = 4; lastKnownFileType = sourcecode.swift; path = "Bond+Foundation.swift"; sourceTree = "<group>"; };
		140478D31AE539DC00BC383F /* Bond+Functional.swift */ = {isa = PBXFileReference; fileEncoding = 4; lastKnownFileType = sourcecode.swift; path = "Bond+Functional.swift"; sourceTree = "<group>"; };
		140478D41AE539DC00BC383F /* Bond+Operators.swift */ = {isa = PBXFileReference; fileEncoding = 4; lastKnownFileType = sourcecode.swift; path = "Bond+Operators.swift"; sourceTree = "<group>"; };
		140478D51AE539DC00BC383F /* Bond+UIView.swift */ = {isa = PBXFileReference; fileEncoding = 4; lastKnownFileType = sourcecode.swift; path = "Bond+UIView.swift"; sourceTree = "<group>"; };
		1429A59F1AEA7EDC00AE3923 /* en */ = {isa = PBXFileReference; lastKnownFileType = text.plist.strings; name = en; path = en.lproj/Main.strings; sourceTree = "<group>"; };
		1437A78C1AC9948600A39692 /* sample-chat-swift.app */ = {isa = PBXFileReference; explicitFileType = wrapper.application; includeInIndex = 0; path = "sample-chat-swift.app"; sourceTree = BUILT_PRODUCTS_DIR; };
		1437A7901AC9948600A39692 /* Info.plist */ = {isa = PBXFileReference; lastKnownFileType = text.plist.xml; path = Info.plist; sourceTree = "<group>"; };
		1437A7911AC9948600A39692 /* AppDelegate.swift */ = {isa = PBXFileReference; lastKnownFileType = sourcecode.swift; path = AppDelegate.swift; sourceTree = "<group>"; };
		1437A7981AC9948600A39692 /* Images.xcassets */ = {isa = PBXFileReference; lastKnownFileType = folder.assetcatalog; path = Images.xcassets; sourceTree = "<group>"; };
		1437A7A61AC9948600A39692 /* Info.plist */ = {isa = PBXFileReference; lastKnownFileType = text.plist.xml; path = Info.plist; sourceTree = "<group>"; };
		1437A7A71AC9948600A39692 /* sample_chat_swiftTests.swift */ = {isa = PBXFileReference; lastKnownFileType = sourcecode.swift; path = sample_chat_swiftTests.swift; sourceTree = "<group>"; };
		1437A7B41AC9987400A39692 /* Constants.swift */ = {isa = PBXFileReference; fileEncoding = 4; lastKnownFileType = sourcecode.swift; name = Constants.swift; path = ../../Constants.swift; sourceTree = "<group>"; };
		143D7E221AE8E4A4005E11B6 /* JSQMessagesCollectionViewCell+CustomAction.swift */ = {isa = PBXFileReference; fileEncoding = 4; lastKnownFileType = sourcecode.swift; path = "JSQMessagesCollectionViewCell+CustomAction.swift"; sourceTree = "<group>"; };
		144E3EB51ACA8E5D00E62645 /* devUsers.plist */ = {isa = PBXFileReference; fileEncoding = 4; lastKnownFileType = text.plist.xml; path = devUsers.plist; sourceTree = "<group>"; };
		144E3EB61ACA8E5D00E62645 /* qaUsers.plist */ = {isa = PBXFileReference; fileEncoding = 4; lastKnownFileType = text.plist.xml; path = qaUsers.plist; sourceTree = "<group>"; };
		144E3EB71ACA8E5D00E62645 /* releaseUsers.plist */ = {isa = PBXFileReference; fileEncoding = 4; lastKnownFileType = text.plist.xml; path = releaseUsers.plist; sourceTree = "<group>"; };
		144E8B5A1B04B65C0021B25C /* Quickblox.framework */ = {isa = PBXFileReference; lastKnownFileType = wrapper.framework; name = Quickblox.framework; path = ../Framework/Quickblox.framework; sourceTree = "<group>"; };
		146673CB1AE7A5DD00509C17 /* JSQMessagesViewController+PublicNotifications.h */ = {isa = PBXFileReference; fileEncoding = 4; lastKnownFileType = sourcecode.c.h; name = "JSQMessagesViewController+PublicNotifications.h"; path = "Categories/JSQMessagesViewController+PublicNotifications.h"; sourceTree = "<group>"; };
		146DE9781ACAA42600F203A5 /* libz.dylib */ = {isa = PBXFileReference; lastKnownFileType = "compiled.mach-o.dylib"; name = libz.dylib; path = usr/lib/libz.dylib; sourceTree = SDKROOT; };
		147DA9D81AEA730C0001F691 /* Localizable.strings */ = {isa = PBXFileReference; fileEncoding = 4; lastKnownFileType = text.plist.strings; path = Localizable.strings; sourceTree = "<group>"; };
		147DA9DA1AEA73160001F691 /* Base */ = {isa = PBXFileReference; lastKnownFileType = file.storyboard; name = Base; path = Base.lproj/Main.storyboard; sourceTree = "<group>"; };
		147E76F81AE117D90067340A /* UIAlertDialog.h */ = {isa = PBXFileReference; lastKnownFileType = sourcecode.c.h; path = UIAlertDialog.h; sourceTree = "<group>"; };
		147E76F91AE117E10067340A /* UIAlertDialog.m */ = {isa = PBXFileReference; fileEncoding = 4; lastKnownFileType = sourcecode.c.objc; path = UIAlertDialog.m; sourceTree = "<group>"; };
		1493F7991AEA525F00FA51A4 /* String+Localized.swift */ = {isa = PBXFileReference; fileEncoding = 4; lastKnownFileType = sourcecode.swift; path = "String+Localized.swift"; sourceTree = "<group>"; };
		149636FD1B033F740079A6A2 /* IJReachability.swift */ = {isa = PBXFileReference; fileEncoding = 4; lastKnownFileType = sourcecode.swift; path = IJReachability.swift; sourceTree = "<group>"; };
		14A4DCC41AC9A5210046D45C /* quickblox-bridging-Header.h */ = {isa = PBXFileReference; lastKnownFileType = sourcecode.c.h; path = "quickblox-bridging-Header.h"; sourceTree = "<group>"; };
		14A4DCC51AC9A6030046D45C /* SystemConfiguration.framework */ = {isa = PBXFileReference; lastKnownFileType = wrapper.framework; name = SystemConfiguration.framework; path = System/Library/Frameworks/SystemConfiguration.framework; sourceTree = SDKROOT; };
		14A4DCC71AC9A6070046D45C /* MobileCoreServices.framework */ = {isa = PBXFileReference; lastKnownFileType = wrapper.framework; name = MobileCoreServices.framework; path = System/Library/Frameworks/MobileCoreServices.framework; sourceTree = SDKROOT; };
		14FAE0471ACAEF0B001D8525 /* libresolv.dylib */ = {isa = PBXFileReference; lastKnownFileType = "compiled.mach-o.dylib"; name = libresolv.dylib; path = usr/lib/libresolv.dylib; sourceTree = SDKROOT; };
		14FAE0491ACAEF14001D8525 /* libxml2.2.dylib */ = {isa = PBXFileReference; lastKnownFileType = "compiled.mach-o.dylib"; name = libxml2.2.dylib; path = usr/lib/libxml2.2.dylib; sourceTree = SDKROOT; };
		2C293C5C1B0F6BDE00A5E863 /* ServicesManager.swift */ = {isa = PBXFileReference; fileEncoding = 4; lastKnownFileType = sourcecode.swift; path = ServicesManager.swift; sourceTree = "<group>"; };
		2C6E81051B0F1B2A00A6E86D /* QMServices.xcodeproj */ = {isa = PBXFileReference; lastKnownFileType = "wrapper.pb-project"; name = QMServices.xcodeproj; path = ../../services/QMServices/QMServices.xcodeproj; sourceTree = "<group>"; };
		2CC2068E1B14720C00ACE4EA /* StorageManager.swift */ = {isa = PBXFileReference; fileEncoding = 4; lastKnownFileType = sourcecode.swift; path = StorageManager.swift; sourceTree = "<group>"; };
		2CC206911B14A44600ACE4EA /* QMChatCacheModel.bundle */ = {isa = PBXFileReference; lastKnownFileType = "wrapper.plug-in"; name = QMChatCacheModel.bundle; path = ../../services/QMServices/QMChatCache/QMChatCacheModel.bundle; sourceTree = "<group>"; };
		68440035DAA846751DEDBE4D /* DialogsViewController.swift */ = {isa = PBXFileReference; fileEncoding = 4; lastKnownFileType = sourcecode.swift; path = DialogsViewController.swift; sourceTree = "<group>"; };
		684400D69D86FD4E756C2429 /* NSMutableArray+SWUtilityButtons.m */ = {isa = PBXFileReference; fileEncoding = 4; lastKnownFileType = sourcecode.c.objc; path = "NSMutableArray+SWUtilityButtons.m"; sourceTree = "<group>"; };
		6844013BAAEEEAE22EEAA322 /* LoginTableViewController.swift */ = {isa = PBXFileReference; fileEncoding = 4; lastKnownFileType = sourcecode.swift; path = LoginTableViewController.swift; sourceTree = "<group>"; };
		6844016C8F2191AB6F8EF2C1 /* SWCellScrollView.m */ = {isa = PBXFileReference; fileEncoding = 4; lastKnownFileType = sourcecode.c.objc; path = SWCellScrollView.m; sourceTree = "<group>"; };
		684401D788CC291FFC9FB3B4 /* ChatViewModel.swift */ = {isa = PBXFileReference; fileEncoding = 4; lastKnownFileType = sourcecode.swift; path = ChatViewModel.swift; sourceTree = "<group>"; };
		68440207D7B86B9F06C38878 /* SwipeableTableViewCellWithBlockButtons.swift */ = {isa = PBXFileReference; fileEncoding = 4; lastKnownFileType = sourcecode.swift; path = SwipeableTableViewCellWithBlockButtons.swift; sourceTree = "<group>"; };
		684403034A069565608E044A /* SwiftAlertWithTextField.swift */ = {isa = PBXFileReference; fileEncoding = 4; lastKnownFileType = sourcecode.swift; path = SwiftAlertWithTextField.swift; sourceTree = "<group>"; };
		6844032D32F069FADE16948E /* UsersDataSource.swift */ = {isa = PBXFileReference; fileEncoding = 4; lastKnownFileType = sourcecode.swift; path = UsersDataSource.swift; sourceTree = "<group>"; };
		68440393684436D4EF1FCA0F /* SWUtilityButtonView.m */ = {isa = PBXFileReference; fileEncoding = 4; lastKnownFileType = sourcecode.c.objc; path = SWUtilityButtonView.m; sourceTree = "<group>"; };
		684404DA6223F752665E2B06 /* SWUtilityButtonTapGestureRecognizer.m */ = {isa = PBXFileReference; fileEncoding = 4; lastKnownFileType = sourcecode.c.objc; path = SWUtilityButtonTapGestureRecognizer.m; sourceTree = "<group>"; };
		6844058775AF1E5CF0E0D10A /* SWLongPressGestureRecognizer.m */ = {isa = PBXFileReference; fileEncoding = 4; lastKnownFileType = sourcecode.c.objc; path = SWLongPressGestureRecognizer.m; sourceTree = "<group>"; };
		684406CA4C2137F09180BC08 /* SWTableViewCell.h */ = {isa = PBXFileReference; fileEncoding = 4; lastKnownFileType = sourcecode.c.h; path = SWTableViewCell.h; sourceTree = "<group>"; };
		68440972CDF0423CCE31BC15 /* ChatViewController.swift */ = {isa = PBXFileReference; fileEncoding = 4; lastKnownFileType = sourcecode.swift; path = ChatViewController.swift; sourceTree = "<group>"; };
		68440985FA6DC9A3F12D1449 /* SWCellScrollView.h */ = {isa = PBXFileReference; fileEncoding = 4; lastKnownFileType = sourcecode.c.h; path = SWCellScrollView.h; sourceTree = "<group>"; };
		68440A2C1E78F6FC561A7A09 /* CornerView.swift */ = {isa = PBXFileReference; fileEncoding = 4; lastKnownFileType = sourcecode.swift; path = CornerView.swift; sourceTree = "<group>"; };
		68440A5F08B14D5F4A4C7B8B /* UserTableViewCellModel.swift */ = {isa = PBXFileReference; fileEncoding = 4; lastKnownFileType = sourcecode.swift; path = UserTableViewCellModel.swift; sourceTree = "<group>"; };
		68440A97C23ACC21DA8A066D /* ConnectionManager.swift */ = {isa = PBXFileReference; fileEncoding = 4; lastKnownFileType = sourcecode.swift; path = ConnectionManager.swift; sourceTree = "<group>"; };
		68440AC5E7B04D8555A9110C /* NewDialogViewController.swift */ = {isa = PBXFileReference; fileEncoding = 4; lastKnownFileType = sourcecode.swift; path = NewDialogViewController.swift; sourceTree = "<group>"; };
		68440AC65A0DF248480F2934 /* UserTableViewCell.swift */ = {isa = PBXFileReference; fileEncoding = 4; lastKnownFileType = sourcecode.swift; path = UserTableViewCell.swift; sourceTree = "<group>"; };
		68440B64A6DCB47F42586E73 /* SWTableViewCell.m */ = {isa = PBXFileReference; fileEncoding = 4; lastKnownFileType = sourcecode.c.objc; path = SWTableViewCell.m; sourceTree = "<group>"; };
		68440B8FF75F6E6154954DC3 /* SWLongPressGestureRecognizer.h */ = {isa = PBXFileReference; fileEncoding = 4; lastKnownFileType = sourcecode.c.h; path = SWLongPressGestureRecognizer.h; sourceTree = "<group>"; };
		68440CC6685C8102780D05D4 /* SWUtilityButtonTapGestureRecognizer.h */ = {isa = PBXFileReference; fileEncoding = 4; lastKnownFileType = sourcecode.c.h; path = SWUtilityButtonTapGestureRecognizer.h; sourceTree = "<group>"; };
		68440DD31D40E2D45C2DD6D8 /* PrivacyManager.swift */ = {isa = PBXFileReference; fileEncoding = 4; lastKnownFileType = sourcecode.swift; path = PrivacyManager.swift; sourceTree = "<group>"; };
		68440DDFBC8DF8C88DEE2898 /* GroupChatUsersInfoTableViewController.swift */ = {isa = PBXFileReference; fileEncoding = 4; lastKnownFileType = sourcecode.swift; path = GroupChatUsersInfoTableViewController.swift; sourceTree = "<group>"; };
		68440EA4335F8B6BD1035B62 /* NSMutableArray+SWUtilityButtons.h */ = {isa = PBXFileReference; fileEncoding = 4; lastKnownFileType = sourcecode.c.h; path = "NSMutableArray+SWUtilityButtons.h"; sourceTree = "<group>"; };
		68440ED5DB360D54BE9EE5B4 /* SWUtilityButtonView.h */ = {isa = PBXFileReference; fileEncoding = 4; lastKnownFileType = sourcecode.c.h; path = SWUtilityButtonView.h; sourceTree = "<group>"; };
		68440EF02AB27CCF47A87701 /* SwiftAlert.swift */ = {isa = PBXFileReference; fileEncoding = 4; lastKnownFileType = sourcecode.swift; path = SwiftAlert.swift; sourceTree = "<group>"; };
		68440F958A8E07D1A6ECBE19 /* QBUUser+Color.swift */ = {isa = PBXFileReference; fileEncoding = 4; lastKnownFileType = sourcecode.swift; path = "QBUUser+Color.swift"; sourceTree = "<group>"; };
		7FBD5AF00180CA0A016ADA39 /* Pods.release.xcconfig */ = {isa = PBXFileReference; includeInIndex = 1; lastKnownFileType = text.xcconfig; name = Pods.release.xcconfig; path = "Pods/Target Support Files/Pods/Pods.release.xcconfig"; sourceTree = "<group>"; };
		A470176456F8A25856D524CB /* Pods.debug.xcconfig */ = {isa = PBXFileReference; includeInIndex = 1; lastKnownFileType = text.xcconfig; name = Pods.debug.xcconfig; path = "Pods/Target Support Files/Pods/Pods.debug.xcconfig"; sourceTree = "<group>"; };
		FD2A86B40E54C31F0788A286 /* libPods.a */ = {isa = PBXFileReference; explicitFileType = archive.ar; includeInIndex = 0; path = libPods.a; sourceTree = BUILT_PRODUCTS_DIR; };
/* End PBXFileReference section */

/* Begin PBXFrameworksBuildPhase section */
		1437A7891AC9948600A39692 /* Frameworks */ = {
			isa = PBXFrameworksBuildPhase;
			buildActionMask = 2147483647;
			files = (
				2C8BB1731B134925004540F8 /* libQMServices.a in Frameworks */,
				86CCE8EA1B0E13CC00CA6A0D /* Quickblox.framework in Frameworks */,
				14FAE04A1ACAEF14001D8525 /* libxml2.2.dylib in Frameworks */,
				14FAE0481ACAEF0B001D8525 /* libresolv.dylib in Frameworks */,
				146DE9791ACAA42600F203A5 /* libz.dylib in Frameworks */,
				14A4DCC61AC9A6030046D45C /* SystemConfiguration.framework in Frameworks */,
				14A4DCC81AC9A6070046D45C /* MobileCoreServices.framework in Frameworks */,
				E4846548A07890DC6B23D7FE /* libPods.a in Frameworks */,
			);
			runOnlyForDeploymentPostprocessing = 0;
		};
/* End PBXFrameworksBuildPhase section */

/* Begin PBXGroup section */
		140478CE1AE5397400BC383F /* Bond */ = {
			isa = PBXGroup;
			children = (
				140478D11AE539DC00BC383F /* Bond+Arrays.swift */,
				140478D21AE539DC00BC383F /* Bond+Foundation.swift */,
				140478D31AE539DC00BC383F /* Bond+Functional.swift */,
				140478D41AE539DC00BC383F /* Bond+Operators.swift */,
				140478D51AE539DC00BC383F /* Bond+UIView.swift */,
				140478CF1AE5399D00BC383F /* Bond.swift */,
			);
			name = Bond;
			sourceTree = "<group>";
		};
		1437A7831AC9948600A39692 = {
			isa = PBXGroup;
			children = (
				147DA9D81AEA730C0001F691 /* Localizable.strings */,
				1437A78E1AC9948600A39692 /* sample-chat-swift */,
				1437A7A41AC9948600A39692 /* sample-chat-swiftTests */,
				1437A78D1AC9948600A39692 /* Products */,
				E5D3CA81D7C70CD4B4CCC10D /* Pods */,
				5B6D920FF484FAD0667CB524 /* Frameworks */,
			);
			sourceTree = "<group>";
		};
		1437A78D1AC9948600A39692 /* Products */ = {
			isa = PBXGroup;
			children = (
				1437A78C1AC9948600A39692 /* sample-chat-swift.app */,
			);
			name = Products;
			sourceTree = "<group>";
		};
		1437A78E1AC9948600A39692 /* sample-chat-swift */ = {
			isa = PBXGroup;
			children = (
				2C6E80FB1B0F1AF100A6E86D /* Services */,
				144E3EB41ACA8E5300E62645 /* Resources */,
				68440F807651CA93C348EB22 /* Classes */,
				1437A7911AC9948600A39692 /* AppDelegate.swift */,
				1437A7951AC9948600A39692 /* Main.storyboard */,
				1437A7981AC9948600A39692 /* Images.xcassets */,
				1437A78F1AC9948600A39692 /* Supporting Files */,
			);
			path = "sample-chat-swift";
			sourceTree = "<group>";
		};
		1437A78F1AC9948600A39692 /* Supporting Files */ = {
			isa = PBXGroup;
			children = (
				1437A7901AC9948600A39692 /* Info.plist */,
				14A4DCC41AC9A5210046D45C /* quickblox-bridging-Header.h */,
			);
			name = "Supporting Files";
			sourceTree = "<group>";
		};
		1437A7A41AC9948600A39692 /* sample-chat-swiftTests */ = {
			isa = PBXGroup;
			children = (
				1437A7A71AC9948600A39692 /* sample_chat_swiftTests.swift */,
				1437A7A51AC9948600A39692 /* Supporting Files */,
			);
			path = "sample-chat-swiftTests";
			sourceTree = "<group>";
		};
		1437A7A51AC9948600A39692 /* Supporting Files */ = {
			isa = PBXGroup;
			children = (
				1437A7A61AC9948600A39692 /* Info.plist */,
			);
			name = "Supporting Files";
			sourceTree = "<group>";
		};
		144E3EB41ACA8E5300E62645 /* Resources */ = {
			isa = PBXGroup;
			children = (
				2CC206911B14A44600ACE4EA /* QMChatCacheModel.bundle */,
				144E3EB51ACA8E5D00E62645 /* devUsers.plist */,
				144E3EB61ACA8E5D00E62645 /* qaUsers.plist */,
				144E3EB71ACA8E5D00E62645 /* releaseUsers.plist */,
			);
			name = Resources;
			sourceTree = "<group>";
		};
		146673CA1AE7A5BE00509C17 /* Categories */ = {
			isa = PBXGroup;
			children = (
				146673CB1AE7A5DD00509C17 /* JSQMessagesViewController+PublicNotifications.h */,
			);
			name = Categories;
			sourceTree = "<group>";
		};
		147E76F71AE117C10067340A /* UIAlertDialog */ = {
			isa = PBXGroup;
			children = (
				147E76F81AE117D90067340A /* UIAlertDialog.h */,
				147E76F91AE117E10067340A /* UIAlertDialog.m */,
			);
			name = UIAlertDialog;
			sourceTree = "<group>";
		};
		2C6E80FB1B0F1AF100A6E86D /* Services */ = {
			isa = PBXGroup;
			children = (
				2C6E80FC1B0F1AF600A6E86D /* QMServices */,
			);
			name = Services;
			sourceTree = "<group>";
		};
		2C6E80FC1B0F1AF600A6E86D /* QMServices */ = {
			isa = PBXGroup;
			children = (
				2C6E81051B0F1B2A00A6E86D /* QMServices.xcodeproj */,
			);
			name = QMServices;
			sourceTree = "<group>";
		};
		2C6E81061B0F1B2A00A6E86D /* Products */ = {
			isa = PBXGroup;
			children = (
				2C6E81131B0F1B2A00A6E86D /* libQMServices.a */,
			);
			name = Products;
			sourceTree = "<group>";
		};
		5B6D920FF484FAD0667CB524 /* Frameworks */ = {
			isa = PBXGroup;
			children = (
				144E8B5A1B04B65C0021B25C /* Quickblox.framework */,
				14FAE0491ACAEF14001D8525 /* libxml2.2.dylib */,
				14FAE0471ACAEF0B001D8525 /* libresolv.dylib */,
				146DE9781ACAA42600F203A5 /* libz.dylib */,
				14A4DCC71AC9A6070046D45C /* MobileCoreServices.framework */,
				14A4DCC51AC9A6030046D45C /* SystemConfiguration.framework */,
				FD2A86B40E54C31F0788A286 /* libPods.a */,
			);
			name = Frameworks;
			sourceTree = "<group>";
		};
		6844005FE5EDBE47EFDB2426 /* Views */ = {
			isa = PBXGroup;
			children = (
				68440A2C1E78F6FC561A7A09 /* CornerView.swift */,
				68440EF02AB27CCF47A87701 /* SwiftAlert.swift */,
				684403034A069565608E044A /* SwiftAlertWithTextField.swift */,
				68440AC65A0DF248480F2934 /* UserTableViewCell.swift */,
				143D7E221AE8E4A4005E11B6 /* JSQMessagesCollectionViewCell+CustomAction.swift */,
			);
			path = Views;
			sourceTree = "<group>";
		};
		6844012ADBD3DC9B139E2CC1 /* objCClasses */ = {
			isa = PBXGroup;
			children = (
				146673CA1AE7A5BE00509C17 /* Categories */,
				147E76F71AE117C10067340A /* UIAlertDialog */,
				684408F27AA11067088746A9 /* SWTableViewCell */,
			);
			path = objCClasses;
			sourceTree = "<group>";
		};
		6844057570AED8108F3B549F /* ViewModel */ = {
			isa = PBXGroup;
			children = (
				684401D788CC291FFC9FB3B4 /* ChatViewModel.swift */,
				68440A5F08B14D5F4A4C7B8B /* UserTableViewCellModel.swift */,
			);
			path = ViewModel;
			sourceTree = "<group>";
		};
		684406F7477B1DC33312AC5E /* Services */ = {
			isa = PBXGroup;
			children = (
				68440D9458C6909D8347A9CA /* PrivacyManager */,
				68440A97C23ACC21DA8A066D /* ConnectionManager.swift */,
				2C293C5C1B0F6BDE00A5E863 /* ServicesManager.swift */,
				2CC2068E1B14720C00ACE4EA /* StorageManager.swift */,
			);
			path = Services;
			sourceTree = "<group>";
		};
		684408F27AA11067088746A9 /* SWTableViewCell */ = {
			isa = PBXGroup;
			children = (
				6844016C8F2191AB6F8EF2C1 /* SWCellScrollView.m */,
				68440CC6685C8102780D05D4 /* SWUtilityButtonTapGestureRecognizer.h */,
				684404DA6223F752665E2B06 /* SWUtilityButtonTapGestureRecognizer.m */,
				68440ED5DB360D54BE9EE5B4 /* SWUtilityButtonView.h */,
				68440EA4335F8B6BD1035B62 /* NSMutableArray+SWUtilityButtons.h */,
				68440B64A6DCB47F42586E73 /* SWTableViewCell.m */,
				68440B8FF75F6E6154954DC3 /* SWLongPressGestureRecognizer.h */,
				68440985FA6DC9A3F12D1449 /* SWCellScrollView.h */,
				684406CA4C2137F09180BC08 /* SWTableViewCell.h */,
				68440393684436D4EF1FCA0F /* SWUtilityButtonView.m */,
				684400D69D86FD4E756C2429 /* NSMutableArray+SWUtilityButtons.m */,
				6844058775AF1E5CF0E0D10A /* SWLongPressGestureRecognizer.m */,
			);
			path = SWTableViewCell;
			sourceTree = "<group>";
		};
		684409C0C00FA779DF442551 /* Extensions */ = {
			isa = PBXGroup;
			children = (
				140478CE1AE5397400BC383F /* Bond */,
				68440F958A8E07D1A6ECBE19 /* QBUUser+Color.swift */,
				1493F7991AEA525F00FA51A4 /* String+Localized.swift */,
				149636FD1B033F740079A6A2 /* IJReachability.swift */,
			);
			path = Extensions;
			sourceTree = "<group>";
		};
		68440D9458C6909D8347A9CA /* PrivacyManager */ = {
			isa = PBXGroup;
			children = (
				68440DD31D40E2D45C2DD6D8 /* PrivacyManager.swift */,
			);
			path = PrivacyManager;
			sourceTree = "<group>";
		};
		68440F807651CA93C348EB22 /* Classes */ = {
			isa = PBXGroup;
			children = (
				68440FE9E28E3D4A94E3E6EF /* Model */,
				6844012ADBD3DC9B139E2CC1 /* objCClasses */,
				684409C0C00FA779DF442551 /* Extensions */,
				68440F80943F897FCE549345 /* ViewControllers */,
				6844005FE5EDBE47EFDB2426 /* Views */,
				684406F7477B1DC33312AC5E /* Services */,
				6844057570AED8108F3B549F /* ViewModel */,
			);
			path = Classes;
			sourceTree = "<group>";
		};
		68440F80943F897FCE549345 /* ViewControllers */ = {
			isa = PBXGroup;
			children = (
				6844013BAAEEEAE22EEAA322 /* LoginTableViewController.swift */,
				68440972CDF0423CCE31BC15 /* ChatViewController.swift */,
				68440DDFBC8DF8C88DEE2898 /* GroupChatUsersInfoTableViewController.swift */,
				68440035DAA846751DEDBE4D /* DialogsViewController.swift */,
				68440207D7B86B9F06C38878 /* SwipeableTableViewCellWithBlockButtons.swift */,
				68440AC5E7B04D8555A9110C /* NewDialogViewController.swift */,
			);
			path = ViewControllers;
			sourceTree = "<group>";
		};
		68440FE9E28E3D4A94E3E6EF /* Model */ = {
			isa = PBXGroup;
			children = (
				1437A7B41AC9987400A39692 /* Constants.swift */,
				6844032D32F069FADE16948E /* UsersDataSource.swift */,
			);
			name = Model;
			path = UsersDataSource;
			sourceTree = "<group>";
		};
		E5D3CA81D7C70CD4B4CCC10D /* Pods */ = {
			isa = PBXGroup;
			children = (
				A470176456F8A25856D524CB /* Pods.debug.xcconfig */,
				7FBD5AF00180CA0A016ADA39 /* Pods.release.xcconfig */,
			);
			name = Pods;
			sourceTree = "<group>";
		};
/* End PBXGroup section */

/* Begin PBXNativeTarget section */
		1437A78B1AC9948600A39692 /* sample-chat-swift */ = {
			isa = PBXNativeTarget;
			buildConfigurationList = 1437A7AB1AC9948600A39692 /* Build configuration list for PBXNativeTarget "sample-chat-swift" */;
			buildPhases = (
				EAECCB3C711AD9900A715D5E /* Check Pods Manifest.lock */,
				1437A7881AC9948600A39692 /* Sources */,
				1437A7891AC9948600A39692 /* Frameworks */,
				1437A78A1AC9948600A39692 /* Resources */,
				68E04C85563E877E993200DD /* Copy Pods Resources */,
			);
			buildRules = (
			);
			dependencies = (
				2C293C581B0F58BE00A5E863 /* PBXTargetDependency */,
			);
			name = "sample-chat-swift";
			productName = "sample-chat-swift";
			productReference = 1437A78C1AC9948600A39692 /* sample-chat-swift.app */;
			productType = "com.apple.product-type.application";
		};
/* End PBXNativeTarget section */

/* Begin PBXProject section */
		1437A7841AC9948600A39692 /* Project object */ = {
			isa = PBXProject;
			attributes = {
				LastUpgradeCheck = 0620;
				ORGANIZATIONNAME = quickblox;
				TargetAttributes = {
					1437A78B1AC9948600A39692 = {
						CreatedOnToolsVersion = 6.2;
						DevelopmentTeam = 8885H5G2YX;
					};
				};
			};
			buildConfigurationList = 1437A7871AC9948600A39692 /* Build configuration list for PBXProject "sample-chat-swift" */;
			compatibilityVersion = "Xcode 3.2";
			developmentRegion = English;
			hasScannedForEncodings = 0;
			knownRegions = (
				Base,
			);
			mainGroup = 1437A7831AC9948600A39692;
			productRefGroup = 1437A78D1AC9948600A39692 /* Products */;
			projectDirPath = "";
			projectReferences = (
				{
					ProductGroup = 2C6E81061B0F1B2A00A6E86D /* Products */;
					ProjectRef = 2C6E81051B0F1B2A00A6E86D /* QMServices.xcodeproj */;
				},
			);
			projectRoot = "";
			targets = (
				1437A78B1AC9948600A39692 /* sample-chat-swift */,
			);
		};
/* End PBXProject section */

/* Begin PBXReferenceProxy section */
		2C6E81131B0F1B2A00A6E86D /* libQMServices.a */ = {
			isa = PBXReferenceProxy;
			fileType = archive.ar;
			path = libQMServices.a;
			remoteRef = 2C6E81121B0F1B2A00A6E86D /* PBXContainerItemProxy */;
			sourceTree = BUILT_PRODUCTS_DIR;
		};
/* End PBXReferenceProxy section */

/* Begin PBXResourcesBuildPhase section */
		1437A78A1AC9948600A39692 /* Resources */ = {
			isa = PBXResourcesBuildPhase;
			buildActionMask = 2147483647;
			files = (
				1437A7971AC9948600A39692 /* Main.storyboard in Resources */,
				144E3EBA1ACA8E5D00E62645 /* releaseUsers.plist in Resources */,
				2CC206921B14A44600ACE4EA /* QMChatCacheModel.bundle in Resources */,
				144E3EB81ACA8E5D00E62645 /* devUsers.plist in Resources */,
				147DA9D91AEA730C0001F691 /* Localizable.strings in Resources */,
				144E3EB91ACA8E5D00E62645 /* qaUsers.plist in Resources */,
				1437A7991AC9948600A39692 /* Images.xcassets in Resources */,
			);
			runOnlyForDeploymentPostprocessing = 0;
		};
/* End PBXResourcesBuildPhase section */

/* Begin PBXShellScriptBuildPhase section */
		68E04C85563E877E993200DD /* Copy Pods Resources */ = {
			isa = PBXShellScriptBuildPhase;
			buildActionMask = 2147483647;
			files = (
			);
			inputPaths = (
			);
			name = "Copy Pods Resources";
			outputPaths = (
			);
			runOnlyForDeploymentPostprocessing = 0;
			shellPath = /bin/sh;
			shellScript = "\"${SRCROOT}/Pods/Target Support Files/Pods/Pods-resources.sh\"\n";
			showEnvVarsInLog = 0;
		};
		EAECCB3C711AD9900A715D5E /* Check Pods Manifest.lock */ = {
			isa = PBXShellScriptBuildPhase;
			buildActionMask = 2147483647;
			files = (
			);
			inputPaths = (
			);
			name = "Check Pods Manifest.lock";
			outputPaths = (
			);
			runOnlyForDeploymentPostprocessing = 0;
			shellPath = /bin/sh;
			shellScript = "diff \"${PODS_ROOT}/../Podfile.lock\" \"${PODS_ROOT}/Manifest.lock\" > /dev/null\nif [[ $? != 0 ]] ; then\n    cat << EOM\nerror: The sandbox is not in sync with the Podfile.lock. Run 'pod install' or update your CocoaPods installation.\nEOM\n    exit 1\nfi\n";
			showEnvVarsInLog = 0;
		};
/* End PBXShellScriptBuildPhase section */

/* Begin PBXSourcesBuildPhase section */
		1437A7881AC9948600A39692 /* Sources */ = {
			isa = PBXSourcesBuildPhase;
			buildActionMask = 2147483647;
			files = (
				147E76FA1AE117E10067340A /* UIAlertDialog.m in Sources */,
				1437A7B51AC999D700A39692 /* Constants.swift in Sources */,
				1437A7921AC9948600A39692 /* AppDelegate.swift in Sources */,
				2CC2068F1B14720C00ACE4EA /* StorageManager.swift in Sources */,
				68440E1A11797B0339FE642C /* UsersDataSource.swift in Sources */,
				68440348A117B28D4310C109 /* SWCellScrollView.m in Sources */,
				68440EFB2AAFECA0082EE311 /* SWUtilityButtonTapGestureRecognizer.m in Sources */,
				684405DFCD6BDCDE9C6C01DA /* SWTableViewCell.m in Sources */,
				6844092644F749AC14ADA55A /* SWUtilityButtonView.m in Sources */,
				140478D01AE5399D00BC383F /* Bond.swift in Sources */,
				1493F79A1AEA525F00FA51A4 /* String+Localized.swift in Sources */,
				140478D71AE539DC00BC383F /* Bond+Foundation.swift in Sources */,
				684408CE77B18BB94EA1A05E /* NSMutableArray+SWUtilityButtons.m in Sources */,
				140478DA1AE539DC00BC383F /* Bond+UIView.swift in Sources */,
				140478D81AE539DC00BC383F /* Bond+Functional.swift in Sources */,
				68440ED75A4B1A0C3894605D /* SWLongPressGestureRecognizer.m in Sources */,
				149636FE1B033F740079A6A2 /* IJReachability.swift in Sources */,
				684401C9A58F0D7F16766275 /* QBUUser+Color.swift in Sources */,
				684403AB8D5D258A114BD3AB /* LoginTableViewController.swift in Sources */,
				68440B196D063839CDD277A4 /* ChatViewController.swift in Sources */,
				684400F787FBE39BBA9B52C8 /* GroupChatUsersInfoTableViewController.swift in Sources */,
				68440820F7DF260CB13FCEE0 /* DialogsViewController.swift in Sources */,
				143D7E231AE8E4A4005E11B6 /* JSQMessagesCollectionViewCell+CustomAction.swift in Sources */,
				6844003C05B374842DFCDD49 /* SwipeableTableViewCellWithBlockButtons.swift in Sources */,
				684403FFA3130E8D9A8E5322 /* NewDialogViewController.swift in Sources */,
				68440D4EE3FECE357167667C /* CornerView.swift in Sources */,
				68440EE02D9A7184D21DF0F7 /* SwiftAlert.swift in Sources */,
				684400CE32CC2D4D22A5AFD5 /* SwiftAlertWithTextField.swift in Sources */,
				140478D61AE539DC00BC383F /* Bond+Arrays.swift in Sources */,
				6844023A6DABFA72BD0EF343 /* UserTableViewCell.swift in Sources */,
				684404420BD9EFEF61B415FF /* PrivacyManager.swift in Sources */,
				140478D91AE539DC00BC383F /* Bond+Operators.swift in Sources */,
				2C8BB1701B1346A9004540F8 /* ServicesManager.swift in Sources */,
				684407391A2A30262CCDFD32 /* ConnectionManager.swift in Sources */,
				68440B4B643F5140EDD4FC5B /* ChatViewModel.swift in Sources */,
				68440F70B8D97EC5EB2C25A9 /* UserTableViewCellModel.swift in Sources */,
			);
			runOnlyForDeploymentPostprocessing = 0;
		};
/* End PBXSourcesBuildPhase section */

/* Begin PBXTargetDependency section */
		2C293C581B0F58BE00A5E863 /* PBXTargetDependency */ = {
			isa = PBXTargetDependency;
			name = QMServices;
			targetProxy = 2C293C571B0F58BE00A5E863 /* PBXContainerItemProxy */;
		};
/* End PBXTargetDependency section */

/* Begin PBXVariantGroup section */
		1437A7951AC9948600A39692 /* Main.storyboard */ = {
			isa = PBXVariantGroup;
			children = (
				147DA9DA1AEA73160001F691 /* Base */,
				1429A59F1AEA7EDC00AE3923 /* en */,
			);
			name = Main.storyboard;
			sourceTree = "<group>";
		};
/* End PBXVariantGroup section */

/* Begin XCBuildConfiguration section */
		1437A7A91AC9948600A39692 /* Debug */ = {
			isa = XCBuildConfiguration;
			buildSettings = {
				CLANG_CXX_LANGUAGE_STANDARD = "gnu++0x";
				CLANG_CXX_LIBRARY = "libc++";
				CLANG_ENABLE_MODULES = YES;
				CLANG_ENABLE_OBJC_ARC = YES;
				CLANG_WARN_BOOL_CONVERSION = YES;
				CLANG_WARN_CONSTANT_CONVERSION = YES;
				CLANG_WARN_DIRECT_OBJC_ISA_USAGE = YES_ERROR;
				CLANG_WARN_EMPTY_BODY = YES;
				CLANG_WARN_ENUM_CONVERSION = YES;
				CLANG_WARN_INT_CONVERSION = YES;
				CLANG_WARN_OBJC_ROOT_CLASS = YES_ERROR;
				CLANG_WARN_UNREACHABLE_CODE = YES;
				CLANG_WARN__DUPLICATE_METHOD_MATCH = YES;
				"CODE_SIGN_IDENTITY[sdk=iphoneos*]" = "iPhone Developer";
				COPY_PHASE_STRIP = NO;
				ENABLE_STRICT_OBJC_MSGSEND = YES;
				GCC_C_LANGUAGE_STANDARD = gnu99;
				GCC_DYNAMIC_NO_PIC = NO;
				GCC_OPTIMIZATION_LEVEL = 0;
				GCC_PREPROCESSOR_DEFINITIONS = (
					"DEBUG=1",
					"$(inherited)",
				);
				GCC_SYMBOLS_PRIVATE_EXTERN = NO;
				GCC_WARN_64_TO_32_BIT_CONVERSION = YES;
				GCC_WARN_ABOUT_RETURN_TYPE = YES_ERROR;
				GCC_WARN_UNDECLARED_SELECTOR = YES;
				GCC_WARN_UNINITIALIZED_AUTOS = YES_AGGRESSIVE;
				GCC_WARN_UNUSED_FUNCTION = YES;
				GCC_WARN_UNUSED_VARIABLE = YES;
				IPHONEOS_DEPLOYMENT_TARGET = 8.2;
				MTL_ENABLE_DEBUG_INFO = YES;
				ONLY_ACTIVE_ARCH = YES;
				OTHER_LDFLAGS = "$(inherited)";
				SDKROOT = iphoneos;
				SWIFT_OPTIMIZATION_LEVEL = "-Onone";
				TARGETED_DEVICE_FAMILY = "1,2";
			};
			name = Debug;
		};
		1437A7AA1AC9948600A39692 /* Release */ = {
			isa = XCBuildConfiguration;
			buildSettings = {
				CLANG_CXX_LANGUAGE_STANDARD = "gnu++0x";
				CLANG_CXX_LIBRARY = "libc++";
				CLANG_ENABLE_MODULES = YES;
				CLANG_ENABLE_OBJC_ARC = YES;
				CLANG_WARN_BOOL_CONVERSION = YES;
				CLANG_WARN_CONSTANT_CONVERSION = YES;
				CLANG_WARN_DIRECT_OBJC_ISA_USAGE = YES_ERROR;
				CLANG_WARN_EMPTY_BODY = YES;
				CLANG_WARN_ENUM_CONVERSION = YES;
				CLANG_WARN_INT_CONVERSION = YES;
				CLANG_WARN_OBJC_ROOT_CLASS = YES_ERROR;
				CLANG_WARN_UNREACHABLE_CODE = YES;
				CLANG_WARN__DUPLICATE_METHOD_MATCH = YES;
				"CODE_SIGN_IDENTITY[sdk=iphoneos*]" = "iPhone Developer";
				COPY_PHASE_STRIP = NO;
				ENABLE_NS_ASSERTIONS = NO;
				ENABLE_STRICT_OBJC_MSGSEND = YES;
				GCC_C_LANGUAGE_STANDARD = gnu99;
				GCC_WARN_64_TO_32_BIT_CONVERSION = YES;
				GCC_WARN_ABOUT_RETURN_TYPE = YES_ERROR;
				GCC_WARN_UNDECLARED_SELECTOR = YES;
				GCC_WARN_UNINITIALIZED_AUTOS = YES_AGGRESSIVE;
				GCC_WARN_UNUSED_FUNCTION = YES;
				GCC_WARN_UNUSED_VARIABLE = YES;
				IPHONEOS_DEPLOYMENT_TARGET = 8.2;
				MTL_ENABLE_DEBUG_INFO = NO;
				OTHER_LDFLAGS = "$(inherited)";
				SDKROOT = iphoneos;
				TARGETED_DEVICE_FAMILY = "1,2";
				VALIDATE_PRODUCT = YES;
			};
			name = Release;
		};
		1437A7AC1AC9948600A39692 /* Debug */ = {
			isa = XCBuildConfiguration;
			baseConfigurationReference = A470176456F8A25856D524CB /* Pods.debug.xcconfig */;
			buildSettings = {
				ASSETCATALOG_COMPILER_APPICON_NAME = AppIcon;
				ASSETCATALOG_COMPILER_LAUNCHIMAGE_NAME = LaunchImage;
				CODE_SIGN_IDENTITY = "iPhone Developer";
				"CODE_SIGN_IDENTITY[sdk=iphoneos*]" = "iPhone Developer";
				FRAMEWORK_SEARCH_PATHS = (
					"$(inherited)",
					"\"$(SRCROOT)/../Framework\"",
				);
				HEADER_SEARCH_PATHS = (
					"$(inherited)",
					"/Applications/Xcode-beta.app/Contents/Developer/Toolchains/XcodeDefault.xctoolchain/usr/include",
					"$(SDKROOT)/usr/include/libxml2",
					"\"$(PROJECT_DIR)\"/../Framework/**",
					"$(SRCROOT)/../services/**",
				);
				INFOPLIST_FILE = "sample-chat-swift/Info.plist";
				IPHONEOS_DEPLOYMENT_TARGET = 7.0;
				LD_RUNPATH_SEARCH_PATHS = "$(inherited) @executable_path/Frameworks";
				OTHER_LDFLAGS = "$(inherited)";
				PRODUCT_NAME = "$(TARGET_NAME)";
				PROVISIONING_PROFILE = "";
				SWIFT_OBJC_BRIDGING_HEADER = "${PROJECT_NAME}/quickblox-bridging-Header.h";
				TARGETED_DEVICE_FAMILY = "1,2";
			};
			name = Debug;
		};
		1437A7AD1AC9948600A39692 /* Release */ = {
			isa = XCBuildConfiguration;
			baseConfigurationReference = 7FBD5AF00180CA0A016ADA39 /* Pods.release.xcconfig */;
			buildSettings = {
				ASSETCATALOG_COMPILER_APPICON_NAME = AppIcon;
				ASSETCATALOG_COMPILER_LAUNCHIMAGE_NAME = LaunchImage;
				CODE_SIGN_IDENTITY = "iPhone Developer";
				"CODE_SIGN_IDENTITY[sdk=iphoneos*]" = "iPhone Developer";
				FRAMEWORK_SEARCH_PATHS = (
					"$(inherited)",
					"\"$(SRCROOT)/../Framework\"",
				);
				HEADER_SEARCH_PATHS = (
					"$(inherited)",
					"/Applications/Xcode-beta.app/Contents/Developer/Toolchains/XcodeDefault.xctoolchain/usr/include",
					"$(SDKROOT)/usr/include/libxml2",
					"\"$(PROJECT_DIR)\"/../Framework/**",
					"$(SRCROOT)/../services/**",
				);
				INFOPLIST_FILE = "sample-chat-swift/Info.plist";
				IPHONEOS_DEPLOYMENT_TARGET = 7.0;
				LD_RUNPATH_SEARCH_PATHS = "$(inherited) @executable_path/Frameworks";
				OTHER_LDFLAGS = "$(inherited)";
				PRODUCT_NAME = "$(TARGET_NAME)";
				PROVISIONING_PROFILE = "";
				SWIFT_OBJC_BRIDGING_HEADER = "${PROJECT_NAME}/quickblox-bridging-Header.h";
				TARGETED_DEVICE_FAMILY = "1,2";
			};
			name = Release;
		};
/* End XCBuildConfiguration section */

/* Begin XCConfigurationList section */
		1437A7871AC9948600A39692 /* Build configuration list for PBXProject "sample-chat-swift" */ = {
			isa = XCConfigurationList;
			buildConfigurations = (
				1437A7A91AC9948600A39692 /* Debug */,
				1437A7AA1AC9948600A39692 /* Release */,
			);
			defaultConfigurationIsVisible = 0;
			defaultConfigurationName = Release;
		};
		1437A7AB1AC9948600A39692 /* Build configuration list for PBXNativeTarget "sample-chat-swift" */ = {
			isa = XCConfigurationList;
			buildConfigurations = (
				1437A7AC1AC9948600A39692 /* Debug */,
				1437A7AD1AC9948600A39692 /* Release */,
			);
			defaultConfigurationIsVisible = 0;
			defaultConfigurationName = Release;
		};
/* End XCConfigurationList section */
	};
	rootObject = 1437A7841AC9948600A39692 /* Project object */;
}
